// !$*UTF8*$!
{
	archiveVersion = 1;
	classes = {
	};
	objectVersion = 56;
	objects = {

/* Begin PBXBuildFile section */
		67AA9F8F2C19A99E00060CE1 /* first_practiceApp.swift in Sources */ = {isa = PBXBuildFile; fileRef = 67AA9F8E2C19A99E00060CE1 /* first_practiceApp.swift */; };
		67AA9F912C19A99E00060CE1 /* ContentView.swift in Sources */ = {isa = PBXBuildFile; fileRef = 67AA9F902C19A99E00060CE1 /* ContentView.swift */; };
		67AA9F932C19A99F00060CE1 /* Assets.xcassets in Resources */ = {isa = PBXBuildFile; fileRef = 67AA9F922C19A99F00060CE1 /* Assets.xcassets */; };
		67AA9F962C19A99F00060CE1 /* Preview Assets.xcassets in Resources */ = {isa = PBXBuildFile; fileRef = 67AA9F952C19A99F00060CE1 /* Preview Assets.xcassets */; };
		67AA9FA02C19A9A000060CE1 /* first_practiceTests.swift in Sources */ = {isa = PBXBuildFile; fileRef = 67AA9F9F2C19A9A000060CE1 /* first_practiceTests.swift */; };
		67AA9FAA2C19A9A000060CE1 /* first_practiceUITests.swift in Sources */ = {isa = PBXBuildFile; fileRef = 67AA9FA92C19A9A000060CE1 /* first_practiceUITests.swift */; };
		67AA9FAC2C19A9A000060CE1 /* first_practiceUITestsLaunchTests.swift in Sources */ = {isa = PBXBuildFile; fileRef = 67AA9FAB2C19A9A000060CE1 /* first_practiceUITestsLaunchTests.swift */; };
/* End PBXBuildFile section */

/* Begin PBXContainerItemProxy section */
		67AA9F9C2C19A9A000060CE1 /* PBXContainerItemProxy */ = {
			isa = PBXContainerItemProxy;
			containerPortal = 67AA9F832C19A99E00060CE1 /* Project object */;
			proxyType = 1;
			remoteGlobalIDString = 67AA9F8A2C19A99E00060CE1;
			remoteInfo = first_practice;
		};
		67AA9FA62C19A9A000060CE1 /* PBXContainerItemProxy */ = {
			isa = PBXContainerItemProxy;
			containerPortal = 67AA9F832C19A99E00060CE1 /* Project object */;
			proxyType = 1;
			remoteGlobalIDString = 67AA9F8A2C19A99E00060CE1;
			remoteInfo = first_practice;
		};
/* End PBXContainerItemProxy section */

/* Begin PBXFileReference section */
		67AA9F8B2C19A99E00060CE1 /* first_practice.app */ = {isa = PBXFileReference; explicitFileType = wrapper.application; includeInIndex = 0; path = first_practice.app; sourceTree = BUILT_PRODUCTS_DIR; };
		67AA9F8E2C19A99E00060CE1 /* first_practiceApp.swift */ = {isa = PBXFileReference; lastKnownFileType = sourcecode.swift; path = first_practiceApp.swift; sourceTree = "<group>"; };
		67AA9F902C19A99E00060CE1 /* ContentView.swift */ = {isa = PBXFileReference; lastKnownFileType = sourcecode.swift; path = ContentView.swift; sourceTree = "<group>"; };
		67AA9F922C19A99F00060CE1 /* Assets.xcassets */ = {isa = PBXFileReference; lastKnownFileType = folder.assetcatalog; path = Assets.xcassets; sourceTree = "<group>"; };
		67AA9F952C19A99F00060CE1 /* Preview Assets.xcassets */ = {isa = PBXFileReference; lastKnownFileType = folder.assetcatalog; path = "Preview Assets.xcassets"; sourceTree = "<group>"; };
		67AA9F9B2C19A9A000060CE1 /* first_practiceTests.xctest */ = {isa = PBXFileReference; explicitFileType = wrapper.cfbundle; includeInIndex = 0; path = first_practiceTests.xctest; sourceTree = BUILT_PRODUCTS_DIR; };
		67AA9F9F2C19A9A000060CE1 /* first_practiceTests.swift */ = {isa = PBXFileReference; lastKnownFileType = sourcecode.swift; path = first_practiceTests.swift; sourceTree = "<group>"; };
		67AA9FA52C19A9A000060CE1 /* first_practiceUITests.xctest */ = {isa = PBXFileReference; explicitFileType = wrapper.cfbundle; includeInIndex = 0; path = first_practiceUITests.xctest; sourceTree = BUILT_PRODUCTS_DIR; };
		67AA9FA92C19A9A000060CE1 /* first_practiceUITests.swift */ = {isa = PBXFileReference; lastKnownFileType = sourcecode.swift; path = first_practiceUITests.swift; sourceTree = "<group>"; };
		67AA9FAB2C19A9A000060CE1 /* first_practiceUITestsLaunchTests.swift */ = {isa = PBXFileReference; lastKnownFileType = sourcecode.swift; path = first_practiceUITestsLaunchTests.swift; sourceTree = "<group>"; };
/* End PBXFileReference section */

/* Begin PBXFrameworksBuildPhase section */
		67AA9F882C19A99E00060CE1 /* Frameworks */ = {
			isa = PBXFrameworksBuildPhase;
			buildActionMask = 2147483647;
			files = (
			);
			runOnlyForDeploymentPostprocessing = 0;
		};
		67AA9F982C19A9A000060CE1 /* Frameworks */ = {
			isa = PBXFrameworksBuildPhase;
			buildActionMask = 2147483647;
			files = (
			);
			runOnlyForDeploymentPostprocessing = 0;
		};
		67AA9FA22C19A9A000060CE1 /* Frameworks */ = {
			isa = PBXFrameworksBuildPhase;
			buildActionMask = 2147483647;
			files = (
			);
			runOnlyForDeploymentPostprocessing = 0;
		};
/* End PBXFrameworksBuildPhase section */

/* Begin PBXGroup section */
		67AA9F822C19A99E00060CE1 = {
			isa = PBXGroup;
			children = (
				67AA9F8D2C19A99E00060CE1 /* first_practice */,
				67AA9F9E2C19A9A000060CE1 /* first_practiceTests */,
				67AA9FA82C19A9A000060CE1 /* first_practiceUITests */,
				67AA9F8C2C19A99E00060CE1 /* Products */,
			);
			sourceTree = "<group>";
		};
		67AA9F8C2C19A99E00060CE1 /* Products */ = {
			isa = PBXGroup;
			children = (
				67AA9F8B2C19A99E00060CE1 /* first_practice.app */,
				67AA9F9B2C19A9A000060CE1 /* first_practiceTests.xctest */,
				67AA9FA52C19A9A000060CE1 /* first_practiceUITests.xctest */,
			);
			name = Products;
			sourceTree = "<group>";
		};
		67AA9F8D2C19A99E00060CE1 /* first_practice */ = {
			isa = PBXGroup;
			children = (
				67AA9F8E2C19A99E00060CE1 /* first_practiceApp.swift */,
				67AA9F902C19A99E00060CE1 /* ContentView.swift */,
				67AA9F922C19A99F00060CE1 /* Assets.xcassets */,
				67AA9F942C19A99F00060CE1 /* Preview Content */,
			);
			path = first_practice;
			sourceTree = "<group>";
		};
		67AA9F942C19A99F00060CE1 /* Preview Content */ = {
			isa = PBXGroup;
			children = (
				67AA9F952C19A99F00060CE1 /* Preview Assets.xcassets */,
			);
			path = "Preview Content";
			sourceTree = "<group>";
		};
		67AA9F9E2C19A9A000060CE1 /* first_practiceTests */ = {
			isa = PBXGroup;
			children = (
				67AA9F9F2C19A9A000060CE1 /* first_practiceTests.swift */,
			);
			path = first_practiceTests;
			sourceTree = "<group>";
		};
		67AA9FA82C19A9A000060CE1 /* first_practiceUITests */ = {
			isa = PBXGroup;
			children = (
				67AA9FA92C19A9A000060CE1 /* first_practiceUITests.swift */,
				67AA9FAB2C19A9A000060CE1 /* first_practiceUITestsLaunchTests.swift */,
			);
			path = first_practiceUITests;
			sourceTree = "<group>";
		};
/* End PBXGroup section */

/* Begin PBXNativeTarget section */
		67AA9F8A2C19A99E00060CE1 /* first_practice */ = {
			isa = PBXNativeTarget;
			buildConfigurationList = 67AA9FAF2C19A9A000060CE1 /* Build configuration list for PBXNativeTarget "first_practice" */;
			buildPhases = (
				67AA9F872C19A99E00060CE1 /* Sources */,
				67AA9F882C19A99E00060CE1 /* Frameworks */,
				67AA9F892C19A99E00060CE1 /* Resources */,
			);
			buildRules = (
			);
			dependencies = (
			);
			name = first_practice;
			productName = first_practice;
			productReference = 67AA9F8B2C19A99E00060CE1 /* first_practice.app */;
			productType = "com.apple.product-type.application";
		};
		67AA9F9A2C19A9A000060CE1 /* first_practiceTests */ = {
			isa = PBXNativeTarget;
			buildConfigurationList = 67AA9FB22C19A9A000060CE1 /* Build configuration list for PBXNativeTarget "first_practiceTests" */;
			buildPhases = (
				67AA9F972C19A9A000060CE1 /* Sources */,
				67AA9F982C19A9A000060CE1 /* Frameworks */,
				67AA9F992C19A9A000060CE1 /* Resources */,
			);
			buildRules = (
			);
			dependencies = (
				67AA9F9D2C19A9A000060CE1 /* PBXTargetDependency */,
			);
			name = first_practiceTests;
			productName = first_practiceTests;
			productReference = 67AA9F9B2C19A9A000060CE1 /* first_practiceTests.xctest */;
			productType = "com.apple.product-type.bundle.unit-test";
		};
		67AA9FA42C19A9A000060CE1 /* first_practiceUITests */ = {
			isa = PBXNativeTarget;
			buildConfigurationList = 67AA9FB52C19A9A000060CE1 /* Build configuration list for PBXNativeTarget "first_practiceUITests" */;
			buildPhases = (
				67AA9FA12C19A9A000060CE1 /* Sources */,
				67AA9FA22C19A9A000060CE1 /* Frameworks */,
				67AA9FA32C19A9A000060CE1 /* Resources */,
			);
			buildRules = (
			);
			dependencies = (
				67AA9FA72C19A9A000060CE1 /* PBXTargetDependency */,
			);
			name = first_practiceUITests;
			productName = first_practiceUITests;
			productReference = 67AA9FA52C19A9A000060CE1 /* first_practiceUITests.xctest */;
			productType = "com.apple.product-type.bundle.ui-testing";
		};
/* End PBXNativeTarget section */

/* Begin PBXProject section */
		67AA9F832C19A99E00060CE1 /* Project object */ = {
			isa = PBXProject;
			attributes = {
				BuildIndependentTargetsInParallel = 1;
				LastSwiftUpdateCheck = 1540;
				LastUpgradeCheck = 1540;
				TargetAttributes = {
					67AA9F8A2C19A99E00060CE1 = {
						CreatedOnToolsVersion = 15.4;
					};
					67AA9F9A2C19A9A000060CE1 = {
						CreatedOnToolsVersion = 15.4;
						TestTargetID = 67AA9F8A2C19A99E00060CE1;
					};
					67AA9FA42C19A9A000060CE1 = {
						CreatedOnToolsVersion = 15.4;
						TestTargetID = 67AA9F8A2C19A99E00060CE1;
					};
				};
			};
			buildConfigurationList = 67AA9F862C19A99E00060CE1 /* Build configuration list for PBXProject "first_practice" */;
			compatibilityVersion = "Xcode 14.0";
			developmentRegion = en;
			hasScannedForEncodings = 0;
			knownRegions = (
				en,
				Base,
			);
			mainGroup = 67AA9F822C19A99E00060CE1;
			productRefGroup = 67AA9F8C2C19A99E00060CE1 /* Products */;
			projectDirPath = "";
			projectRoot = "";
			targets = (
				67AA9F8A2C19A99E00060CE1 /* first_practice */,
				67AA9F9A2C19A9A000060CE1 /* first_practiceTests */,
				67AA9FA42C19A9A000060CE1 /* first_practiceUITests */,
			);
		};
/* End PBXProject section */

/* Begin PBXResourcesBuildPhase section */
		67AA9F892C19A99E00060CE1 /* Resources */ = {
			isa = PBXResourcesBuildPhase;
			buildActionMask = 2147483647;
			files = (
				67AA9F962C19A99F00060CE1 /* Preview Assets.xcassets in Resources */,
				67AA9F932C19A99F00060CE1 /* Assets.xcassets in Resources */,
			);
			runOnlyForDeploymentPostprocessing = 0;
		};
		67AA9F992C19A9A000060CE1 /* Resources */ = {
			isa = PBXResourcesBuildPhase;
			buildActionMask = 2147483647;
			files = (
			);
			runOnlyForDeploymentPostprocessing = 0;
		};
		67AA9FA32C19A9A000060CE1 /* Resources */ = {
			isa = PBXResourcesBuildPhase;
			buildActionMask = 2147483647;
			files = (
			);
			runOnlyForDeploymentPostprocessing = 0;
		};
/* End PBXResourcesBuildPhase section */

/* Begin PBXSourcesBuildPhase section */
		67AA9F872C19A99E00060CE1 /* Sources */ = {
			isa = PBXSourcesBuildPhase;
			buildActionMask = 2147483647;
			files = (
				67AA9F912C19A99E00060CE1 /* ContentView.swift in Sources */,
				67AA9F8F2C19A99E00060CE1 /* first_practiceApp.swift in Sources */,
			);
			runOnlyForDeploymentPostprocessing = 0;
		};
		67AA9F972C19A9A000060CE1 /* Sources */ = {
			isa = PBXSourcesBuildPhase;
			buildActionMask = 2147483647;
			files = (
				67AA9FA02C19A9A000060CE1 /* first_practiceTests.swift in Sources */,
			);
			runOnlyForDeploymentPostprocessing = 0;
		};
		67AA9FA12C19A9A000060CE1 /* Sources */ = {
			isa = PBXSourcesBuildPhase;
			buildActionMask = 2147483647;
			files = (
				67AA9FAC2C19A9A000060CE1 /* first_practiceUITestsLaunchTests.swift in Sources */,
				67AA9FAA2C19A9A000060CE1 /* first_practiceUITests.swift in Sources */,
			);
			runOnlyForDeploymentPostprocessing = 0;
		};
/* End PBXSourcesBuildPhase section */

/* Begin PBXTargetDependency section */
		67AA9F9D2C19A9A000060CE1 /* PBXTargetDependency */ = {
			isa = PBXTargetDependency;
			target = 67AA9F8A2C19A99E00060CE1 /* first_practice */;
			targetProxy = 67AA9F9C2C19A9A000060CE1 /* PBXContainerItemProxy */;
		};
		67AA9FA72C19A9A000060CE1 /* PBXTargetDependency */ = {
			isa = PBXTargetDependency;
			target = 67AA9F8A2C19A99E00060CE1 /* first_practice */;
			targetProxy = 67AA9FA62C19A9A000060CE1 /* PBXContainerItemProxy */;
		};
/* End PBXTargetDependency section */

/* Begin XCBuildConfiguration section */
		67AA9FAD2C19A9A000060CE1 /* Debug */ = {
			isa = XCBuildConfiguration;
			buildSettings = {
				ALWAYS_SEARCH_USER_PATHS = NO;
				ASSETCATALOG_COMPILER_GENERATE_SWIFT_ASSET_SYMBOL_EXTENSIONS = YES;
				CLANG_ANALYZER_NONNULL = YES;
				CLANG_ANALYZER_NUMBER_OBJECT_CONVERSION = YES_AGGRESSIVE;
				CLANG_CXX_LANGUAGE_STANDARD = "gnu++20";
				CLANG_ENABLE_MODULES = YES;
				CLANG_ENABLE_OBJC_ARC = YES;
				CLANG_ENABLE_OBJC_WEAK = YES;
				CLANG_WARN_BLOCK_CAPTURE_AUTORELEASING = YES;
				CLANG_WARN_BOOL_CONVERSION = YES;
				CLANG_WARN_COMMA = YES;
				CLANG_WARN_CONSTANT_CONVERSION = YES;
				CLANG_WARN_DEPRECATED_OBJC_IMPLEMENTATIONS = YES;
				CLANG_WARN_DIRECT_OBJC_ISA_USAGE = YES_ERROR;
				CLANG_WARN_DOCUMENTATION_COMMENTS = YES;
				CLANG_WARN_EMPTY_BODY = YES;
				CLANG_WARN_ENUM_CONVERSION = YES;
				CLANG_WARN_INFINITE_RECURSION = YES;
				CLANG_WARN_INT_CONVERSION = YES;
				CLANG_WARN_NON_LITERAL_NULL_CONVERSION = YES;
				CLANG_WARN_OBJC_IMPLICIT_RETAIN_SELF = YES;
				CLANG_WARN_OBJC_LITERAL_CONVERSION = YES;
				CLANG_WARN_OBJC_ROOT_CLASS = YES_ERROR;
				CLANG_WARN_QUOTED_INCLUDE_IN_FRAMEWORK_HEADER = YES;
				CLANG_WARN_RANGE_LOOP_ANALYSIS = YES;
				CLANG_WARN_STRICT_PROTOTYPES = YES;
				CLANG_WARN_SUSPICIOUS_MOVE = YES;
				CLANG_WARN_UNGUARDED_AVAILABILITY = YES_AGGRESSIVE;
				CLANG_WARN_UNREACHABLE_CODE = YES;
				CLANG_WARN__DUPLICATE_METHOD_MATCH = YES;
				COPY_PHASE_STRIP = NO;
				DEBUG_INFORMATION_FORMAT = dwarf;
				ENABLE_STRICT_OBJC_MSGSEND = YES;
				ENABLE_TESTABILITY = YES;
				ENABLE_USER_SCRIPT_SANDBOXING = YES;
				GCC_C_LANGUAGE_STANDARD = gnu17;
				GCC_DYNAMIC_NO_PIC = NO;
				GCC_NO_COMMON_BLOCKS = YES;
				GCC_OPTIMIZATION_LEVEL = 0;
				GCC_PREPROCESSOR_DEFINITIONS = (
					"DEBUG=1",
					"$(inherited)",
				);
				GCC_WARN_64_TO_32_BIT_CONVERSION = YES;
				GCC_WARN_ABOUT_RETURN_TYPE = YES_ERROR;
				GCC_WARN_UNDECLARED_SELECTOR = YES;
				GCC_WARN_UNINITIALIZED_AUTOS = YES_AGGRESSIVE;
				GCC_WARN_UNUSED_FUNCTION = YES;
				GCC_WARN_UNUSED_VARIABLE = YES;
				IPHONEOS_DEPLOYMENT_TARGET = 17.5;
				LOCALIZATION_PREFERS_STRING_CATALOGS = YES;
				MTL_ENABLE_DEBUG_INFO = INCLUDE_SOURCE;
				MTL_FAST_MATH = YES;
				ONLY_ACTIVE_ARCH = YES;
				SDKROOT = iphoneos;
				SWIFT_ACTIVE_COMPILATION_CONDITIONS = "DEBUG $(inherited)";
				SWIFT_OPTIMIZATION_LEVEL = "-Onone";
			};
			name = Debug;
		};
		67AA9FAE2C19A9A000060CE1 /* Release */ = {
			isa = XCBuildConfiguration;
			buildSettings = {
				ALWAYS_SEARCH_USER_PATHS = NO;
				ASSETCATALOG_COMPILER_GENERATE_SWIFT_ASSET_SYMBOL_EXTENSIONS = YES;
				CLANG_ANALYZER_NONNULL = YES;
				CLANG_ANALYZER_NUMBER_OBJECT_CONVERSION = YES_AGGRESSIVE;
				CLANG_CXX_LANGUAGE_STANDARD = "gnu++20";
				CLANG_ENABLE_MODULES = YES;
				CLANG_ENABLE_OBJC_ARC = YES;
				CLANG_ENABLE_OBJC_WEAK = YES;
				CLANG_WARN_BLOCK_CAPTURE_AUTORELEASING = YES;
				CLANG_WARN_BOOL_CONVERSION = YES;
				CLANG_WARN_COMMA = YES;
				CLANG_WARN_CONSTANT_CONVERSION = YES;
				CLANG_WARN_DEPRECATED_OBJC_IMPLEMENTATIONS = YES;
				CLANG_WARN_DIRECT_OBJC_ISA_USAGE = YES_ERROR;
				CLANG_WARN_DOCUMENTATION_COMMENTS = YES;
				CLANG_WARN_EMPTY_BODY = YES;
				CLANG_WARN_ENUM_CONVERSION = YES;
				CLANG_WARN_INFINITE_RECURSION = YES;
				CLANG_WARN_INT_CONVERSION = YES;
				CLANG_WARN_NON_LITERAL_NULL_CONVERSION = YES;
				CLANG_WARN_OBJC_IMPLICIT_RETAIN_SELF = YES;
				CLANG_WARN_OBJC_LITERAL_CONVERSION = YES;
				CLANG_WARN_OBJC_ROOT_CLASS = YES_ERROR;
				CLANG_WARN_QUOTED_INCLUDE_IN_FRAMEWORK_HEADER = YES;
				CLANG_WARN_RANGE_LOOP_ANALYSIS = YES;
				CLANG_WARN_STRICT_PROTOTYPES = YES;
				CLANG_WARN_SUSPICIOUS_MOVE = YES;
				CLANG_WARN_UNGUARDED_AVAILABILITY = YES_AGGRESSIVE;
				CLANG_WARN_UNREACHABLE_CODE = YES;
				CLANG_WARN__DUPLICATE_METHOD_MATCH = YES;
				COPY_PHASE_STRIP = NO;
				DEBUG_INFORMATION_FORMAT = "dwarf-with-dsym";
				ENABLE_NS_ASSERTIONS = NO;
				ENABLE_STRICT_OBJC_MSGSEND = YES;
				ENABLE_USER_SCRIPT_SANDBOXING = YES;
				GCC_C_LANGUAGE_STANDARD = gnu17;
				GCC_NO_COMMON_BLOCKS = YES;
				GCC_WARN_64_TO_32_BIT_CONVERSION = YES;
				GCC_WARN_ABOUT_RETURN_TYPE = YES_ERROR;
				GCC_WARN_UNDECLARED_SELECTOR = YES;
				GCC_WARN_UNINITIALIZED_AUTOS = YES_AGGRESSIVE;
				GCC_WARN_UNUSED_FUNCTION = YES;
				GCC_WARN_UNUSED_VARIABLE = YES;
				IPHONEOS_DEPLOYMENT_TARGET = 17.5;
				LOCALIZATION_PREFERS_STRING_CATALOGS = YES;
				MTL_ENABLE_DEBUG_INFO = NO;
				MTL_FAST_MATH = YES;
				SDKROOT = iphoneos;
				SWIFT_COMPILATION_MODE = wholemodule;
				VALIDATE_PRODUCT = YES;
			};
			name = Release;
		};
		67AA9FB02C19A9A000060CE1 /* Debug */ = {
			isa = XCBuildConfiguration;
			buildSettings = {
				ASSETCATALOG_COMPILER_APPICON_NAME = AppIcon;
				ASSETCATALOG_COMPILER_GLOBAL_ACCENT_COLOR_NAME = AccentColor;
				CODE_SIGN_STYLE = Automatic;
				CURRENT_PROJECT_VERSION = 1;
				DEVELOPMENT_ASSET_PATHS = "\"first_practice/Preview Content\"";
				ENABLE_PREVIEWS = YES;
				GENERATE_INFOPLIST_FILE = YES;
				INFOPLIST_KEY_UIApplicationSceneManifest_Generation = YES;
				INFOPLIST_KEY_UIApplicationSupportsIndirectInputEvents = YES;
				INFOPLIST_KEY_UILaunchScreen_Generation = YES;
				INFOPLIST_KEY_UISupportedInterfaceOrientations_iPad = "UIInterfaceOrientationPortrait UIInterfaceOrientationPortraitUpsideDown UIInterfaceOrientationLandscapeLeft UIInterfaceOrientationLandscapeRight";
				INFOPLIST_KEY_UISupportedInterfaceOrientations_iPhone = "UIInterfaceOrientationPortrait UIInterfaceOrientationLandscapeLeft UIInterfaceOrientationLandscapeRight";
				LD_RUNPATH_SEARCH_PATHS = (
					"$(inherited)",
					"@executable_path/Frameworks",
				);
				MARKETING_VERSION = 1.0;
				PRODUCT_BUNDLE_IDENTIFIER = "first.first-practice";
				PRODUCT_NAME = "$(TARGET_NAME)";
				SWIFT_EMIT_LOC_STRINGS = YES;
				SWIFT_VERSION = 5.0;
				TARGETED_DEVICE_FAMILY = "1,2";
			};
			name = Debug;
		};
		67AA9FB12C19A9A000060CE1 /* Release */ = {
			isa = XCBuildConfiguration;
			buildSettings = {
				ASSETCATALOG_COMPILER_APPICON_NAME = AppIcon;
				ASSETCATALOG_COMPILER_GLOBAL_ACCENT_COLOR_NAME = AccentColor;
				CODE_SIGN_STYLE = Automatic;
				CURRENT_PROJECT_VERSION = 1;
				DEVELOPMENT_ASSET_PATHS = "\"first_practice/Preview Content\"";
				ENABLE_PREVIEWS = YES;
				GENERATE_INFOPLIST_FILE = YES;
				INFOPLIST_KEY_UIApplicationSceneManifest_Generation = YES;
				INFOPLIST_KEY_UIApplicationSupportsIndirectInputEvents = YES;
				INFOPLIST_KEY_UILaunchScreen_Generation = YES;
				INFOPLIST_KEY_UISupportedInterfaceOrientations_iPad = "UIInterfaceOrientationPortrait UIInterfaceOrientationPortraitUpsideDown UIInterfaceOrientationLandscapeLeft UIInterfaceOrientationLandscapeRight";
				INFOPLIST_KEY_UISupportedInterfaceOrientations_iPhone = "UIInterfaceOrientationPortrait UIInterfaceOrientationLandscapeLeft UIInterfaceOrientationLandscapeRight";
				LD_RUNPATH_SEARCH_PATHS = (
					"$(inherited)",
					"@executable_path/Frameworks",
				);
				MARKETING_VERSION = 1.0;
				PRODUCT_BUNDLE_IDENTIFIER = "first.first-practice";
				PRODUCT_NAME = "$(TARGET_NAME)";
				SWIFT_EMIT_LOC_STRINGS = YES;
				SWIFT_VERSION = 5.0;
				TARGETED_DEVICE_FAMILY = "1,2";
			};
			name = Release;
		};
		67AA9FB32C19A9A000060CE1 /* Debug */ = {
			isa = XCBuildConfiguration;
			buildSettings = {
				ALWAYS_EMBED_SWIFT_STANDARD_LIBRARIES = YES;
				BUNDLE_LOADER = "$(TEST_HOST)";
				CODE_SIGN_STYLE = Automatic;
				CURRENT_PROJECT_VERSION = 1;
				GENERATE_INFOPLIST_FILE = YES;
				IPHONEOS_DEPLOYMENT_TARGET = 17.5;
				MARKETING_VERSION = 1.0;
				PRODUCT_BUNDLE_IDENTIFIER = "first.first-practiceTests";
				PRODUCT_NAME = "$(TARGET_NAME)";
				SWIFT_EMIT_LOC_STRINGS = NO;
				SWIFT_VERSION = 5.0;
				TARGETED_DEVICE_FAMILY = "1,2";
				TEST_HOST = "$(BUILT_PRODUCTS_DIR)/first_practice.app/$(BUNDLE_EXECUTABLE_FOLDER_PATH)/first_practice";
			};
			name = Debug;
		};
		67AA9FB42C19A9A000060CE1 /* Release */ = {
			isa = XCBuildConfiguration;
			buildSettings = {
				ALWAYS_EMBED_SWIFT_STANDARD_LIBRARIES = YES;
				BUNDLE_LOADER = "$(TEST_HOST)";
				CODE_SIGN_STYLE = Automatic;
				CURRENT_PROJECT_VERSION = 1;
				GENERATE_INFOPLIST_FILE = YES;
				IPHONEOS_DEPLOYMENT_TARGET = 17.5;
				MARKETING_VERSION = 1.0;
				PRODUCT_BUNDLE_IDENTIFIER = "first.first-practiceTests";
				PRODUCT_NAME = "$(TARGET_NAME)";
				SWIFT_EMIT_LOC_STRINGS = NO;
				SWIFT_VERSION = 5.0;
				TARGETED_DEVICE_FAMILY = "1,2";
				TEST_HOST = "$(BUILT_PRODUCTS_DIR)/first_practice.app/$(BUNDLE_EXECUTABLE_FOLDER_PATH)/first_practice";
			};
			name = Release;
		};
		67AA9FB62C19A9A000060CE1 /* Debug */ = {
			isa = XCBuildConfiguration;
			buildSettings = {
				ALWAYS_EMBED_SWIFT_STANDARD_LIBRARIES = YES;
				CODE_SIGN_STYLE = Automatic;
				CURRENT_PROJECT_VERSION = 1;
				GENERATE_INFOPLIST_FILE = YES;
				MARKETING_VERSION = 1.0;
				PRODUCT_BUNDLE_IDENTIFIER = "first.first-practiceUITests";
				PRODUCT_NAME = "$(TARGET_NAME)";
				SWIFT_EMIT_LOC_STRINGS = NO;
				SWIFT_VERSION = 5.0;
				TARGETED_DEVICE_FAMILY = "1,2";
				TEST_TARGET_NAME = first_practice;
			};
			name = Debug;
		};
		67AA9FB72C19A9A000060CE1 /* Release */ = {
			isa = XCBuildConfiguration;
			buildSettings = {
				ALWAYS_EMBED_SWIFT_STANDARD_LIBRARIES = YES;
				CODE_SIGN_STYLE = Automatic;
				CURRENT_PROJECT_VERSION = 1;
				GENERATE_INFOPLIST_FILE = YES;
				MARKETING_VERSION = 1.0;
				PRODUCT_BUNDLE_IDENTIFIER = "first.first-practiceUITests";
				PRODUCT_NAME = "$(TARGET_NAME)";
				SWIFT_EMIT_LOC_STRINGS = NO;
				SWIFT_VERSION = 5.0;
				TARGETED_DEVICE_FAMILY = "1,2";
				TEST_TARGET_NAME = first_practice;
			};
			name = Release;
		};
/* End XCBuildConfiguration section */

/* Begin XCConfigurationList section */
		67AA9F862C19A99E00060CE1 /* Build configuration list for PBXProject "first_practice" */ = {
			isa = XCConfigurationList;
			buildConfigurations = (
				67AA9FAD2C19A9A000060CE1 /* Debug */,
				67AA9FAE2C19A9A000060CE1 /* Release */,
			);
			defaultConfigurationIsVisible = 0;
			defaultConfigurationName = Release;
		};
		67AA9FAF2C19A9A000060CE1 /* Build configuration list for PBXNativeTarget "first_practice" */ = {
			isa = XCConfigurationList;
			buildConfigurations = (
				67AA9FB02C19A9A000060CE1 /* Debug */,
				67AA9FB12C19A9A000060CE1 /* Release */,
			);
			defaultConfigurationIsVisible = 0;
			defaultConfigurationName = Release;
		};
		67AA9FB22C19A9A000060CE1 /* Build configuration list for PBXNativeTarget "first_practiceTests" */ = {
			isa = XCConfigurationList;
			buildConfigurations = (
				67AA9FB32C19A9A000060CE1 /* Debug */,
				67AA9FB42C19A9A000060CE1 /* Release */,
			);
			defaultConfigurationIsVisible = 0;
			defaultConfigurationName = Release;
		};
		67AA9FB52C19A9A000060CE1 /* Build configuration list for PBXNativeTarget "first_practiceUITests" */ = {
			isa = XCConfigurationList;
			buildConfigurations = (
				67AA9FB62C19A9A000060CE1 /* Debug */,
				67AA9FB72C19A9A000060CE1 /* Release */,
			);
			defaultConfigurationIsVisible = 0;
			defaultConfigurationName = Release;
		};
/* End XCConfigurationList section */
	};
	rootObject = 67AA9F832C19A99E00060CE1 /* Project object */;
}
