// !$*UTF8*$!
{
	archiveVersion = 1;
	classes = {
	};
	objectVersion = 56;
	objects = {

/* Begin PBXBuildFile section */
		67F6FE2A2C4F7C97000610B2 /* CreateMenuApp.swift in Sources */ = {isa = PBXBuildFile; fileRef = 67F6FE292C4F7C97000610B2 /* CreateMenuApp.swift */; };
		67F6FE2C2C4F7C97000610B2 /* ContentView.swift in Sources */ = {isa = PBXBuildFile; fileRef = 67F6FE2B2C4F7C97000610B2 /* ContentView.swift */; };
		67F6FE2E2C4F7C9A000610B2 /* Assets.xcassets in Resources */ = {isa = PBXBuildFile; fileRef = 67F6FE2D2C4F7C9A000610B2 /* Assets.xcassets */; };
		67F6FE312C4F7C9A000610B2 /* Preview Assets.xcassets in Resources */ = {isa = PBXBuildFile; fileRef = 67F6FE302C4F7C9A000610B2 /* Preview Assets.xcassets */; };
		67F6FE3B2C4F7C9A000610B2 /* CreateMenuTests.swift in Sources */ = {isa = PBXBuildFile; fileRef = 67F6FE3A2C4F7C9A000610B2 /* CreateMenuTests.swift */; };
		67F6FE452C4F7C9A000610B2 /* CreateMenuUITests.swift in Sources */ = {isa = PBXBuildFile; fileRef = 67F6FE442C4F7C9A000610B2 /* CreateMenuUITests.swift */; };
		67F6FE472C4F7C9A000610B2 /* CreateMenuUITestsLaunchTests.swift in Sources */ = {isa = PBXBuildFile; fileRef = 67F6FE462C4F7C9A000610B2 /* CreateMenuUITestsLaunchTests.swift */; };
/* End PBXBuildFile section */

/* Begin PBXContainerItemProxy section */
		67F6FE372C4F7C9A000610B2 /* PBXContainerItemProxy */ = {
			isa = PBXContainerItemProxy;
			containerPortal = 67F6FE1E2C4F7C97000610B2 /* Project object */;
			proxyType = 1;
			remoteGlobalIDString = 67F6FE252C4F7C97000610B2;
			remoteInfo = CreateMenu;
		};
		67F6FE412C4F7C9A000610B2 /* PBXContainerItemProxy */ = {
			isa = PBXContainerItemProxy;
			containerPortal = 67F6FE1E2C4F7C97000610B2 /* Project object */;
			proxyType = 1;
			remoteGlobalIDString = 67F6FE252C4F7C97000610B2;
			remoteInfo = CreateMenu;
		};
/* End PBXContainerItemProxy section */

/* Begin PBXFileReference section */
		67F6FE262C4F7C97000610B2 /* CreateMenu.app */ = {isa = PBXFileReference; explicitFileType = wrapper.application; includeInIndex = 0; path = CreateMenu.app; sourceTree = BUILT_PRODUCTS_DIR; };
		67F6FE292C4F7C97000610B2 /* CreateMenuApp.swift */ = {isa = PBXFileReference; lastKnownFileType = sourcecode.swift; path = CreateMenuApp.swift; sourceTree = "<group>"; };
		67F6FE2B2C4F7C97000610B2 /* ContentView.swift */ = {isa = PBXFileReference; lastKnownFileType = sourcecode.swift; path = ContentView.swift; sourceTree = "<group>"; };
		67F6FE2D2C4F7C9A000610B2 /* Assets.xcassets */ = {isa = PBXFileReference; lastKnownFileType = folder.assetcatalog; path = Assets.xcassets; sourceTree = "<group>"; };
		67F6FE302C4F7C9A000610B2 /* Preview Assets.xcassets */ = {isa = PBXFileReference; lastKnownFileType = folder.assetcatalog; path = "Preview Assets.xcassets"; sourceTree = "<group>"; };
		67F6FE362C4F7C9A000610B2 /* CreateMenuTests.xctest */ = {isa = PBXFileReference; explicitFileType = wrapper.cfbundle; includeInIndex = 0; path = CreateMenuTests.xctest; sourceTree = BUILT_PRODUCTS_DIR; };
		67F6FE3A2C4F7C9A000610B2 /* CreateMenuTests.swift */ = {isa = PBXFileReference; lastKnownFileType = sourcecode.swift; path = CreateMenuTests.swift; sourceTree = "<group>"; };
		67F6FE402C4F7C9A000610B2 /* CreateMenuUITests.xctest */ = {isa = PBXFileReference; explicitFileType = wrapper.cfbundle; includeInIndex = 0; path = CreateMenuUITests.xctest; sourceTree = BUILT_PRODUCTS_DIR; };
		67F6FE442C4F7C9A000610B2 /* CreateMenuUITests.swift */ = {isa = PBXFileReference; lastKnownFileType = sourcecode.swift; path = CreateMenuUITests.swift; sourceTree = "<group>"; };
		67F6FE462C4F7C9A000610B2 /* CreateMenuUITestsLaunchTests.swift */ = {isa = PBXFileReference; lastKnownFileType = sourcecode.swift; path = CreateMenuUITestsLaunchTests.swift; sourceTree = "<group>"; };
/* End PBXFileReference section */

/* Begin PBXFrameworksBuildPhase section */
		67F6FE232C4F7C97000610B2 /* Frameworks */ = {
			isa = PBXFrameworksBuildPhase;
			buildActionMask = 2147483647;
			files = (
			);
			runOnlyForDeploymentPostprocessing = 0;
		};
		67F6FE332C4F7C9A000610B2 /* Frameworks */ = {
			isa = PBXFrameworksBuildPhase;
			buildActionMask = 2147483647;
			files = (
			);
			runOnlyForDeploymentPostprocessing = 0;
		};
		67F6FE3D2C4F7C9A000610B2 /* Frameworks */ = {
			isa = PBXFrameworksBuildPhase;
			buildActionMask = 2147483647;
			files = (
			);
			runOnlyForDeploymentPostprocessing = 0;
		};
/* End PBXFrameworksBuildPhase section */

/* Begin PBXGroup section */
		67F6FE1D2C4F7C97000610B2 = {
			isa = PBXGroup;
			children = (
				67F6FE282C4F7C97000610B2 /* CreateMenu */,
				67F6FE392C4F7C9A000610B2 /* CreateMenuTests */,
				67F6FE432C4F7C9A000610B2 /* CreateMenuUITests */,
				67F6FE272C4F7C97000610B2 /* Products */,
			);
			sourceTree = "<group>";
		};
		67F6FE272C4F7C97000610B2 /* Products */ = {
			isa = PBXGroup;
			children = (
				67F6FE262C4F7C97000610B2 /* CreateMenu.app */,
				67F6FE362C4F7C9A000610B2 /* CreateMenuTests.xctest */,
				67F6FE402C4F7C9A000610B2 /* CreateMenuUITests.xctest */,
			);
			name = Products;
			sourceTree = "<group>";
		};
		67F6FE282C4F7C97000610B2 /* CreateMenu */ = {
			isa = PBXGroup;
			children = (
				67F6FE292C4F7C97000610B2 /* CreateMenuApp.swift */,
				67F6FE2B2C4F7C97000610B2 /* ContentView.swift */,
				67F6FE2D2C4F7C9A000610B2 /* Assets.xcassets */,
				67F6FE2F2C4F7C9A000610B2 /* Preview Content */,
			);
			path = CreateMenu;
			sourceTree = "<group>";
		};
		67F6FE2F2C4F7C9A000610B2 /* Preview Content */ = {
			isa = PBXGroup;
			children = (
				67F6FE302C4F7C9A000610B2 /* Preview Assets.xcassets */,
			);
			path = "Preview Content";
			sourceTree = "<group>";
		};
		67F6FE392C4F7C9A000610B2 /* CreateMenuTests */ = {
			isa = PBXGroup;
			children = (
				67F6FE3A2C4F7C9A000610B2 /* CreateMenuTests.swift */,
			);
			path = CreateMenuTests;
			sourceTree = "<group>";
		};
		67F6FE432C4F7C9A000610B2 /* CreateMenuUITests */ = {
			isa = PBXGroup;
			children = (
				67F6FE442C4F7C9A000610B2 /* CreateMenuUITests.swift */,
				67F6FE462C4F7C9A000610B2 /* CreateMenuUITestsLaunchTests.swift */,
			);
			path = CreateMenuUITests;
			sourceTree = "<group>";
		};
/* End PBXGroup section */

/* Begin PBXNativeTarget section */
		67F6FE252C4F7C97000610B2 /* CreateMenu */ = {
			isa = PBXNativeTarget;
			buildConfigurationList = 67F6FE4A2C4F7C9A000610B2 /* Build configuration list for PBXNativeTarget "CreateMenu" */;
			buildPhases = (
				67F6FE222C4F7C97000610B2 /* Sources */,
				67F6FE232C4F7C97000610B2 /* Frameworks */,
				67F6FE242C4F7C97000610B2 /* Resources */,
			);
			buildRules = (
			);
			dependencies = (
			);
			name = CreateMenu;
			productName = CreateMenu;
			productReference = 67F6FE262C4F7C97000610B2 /* CreateMenu.app */;
			productType = "com.apple.product-type.application";
		};
		67F6FE352C4F7C9A000610B2 /* CreateMenuTests */ = {
			isa = PBXNativeTarget;
			buildConfigurationList = 67F6FE4D2C4F7C9A000610B2 /* Build configuration list for PBXNativeTarget "CreateMenuTests" */;
			buildPhases = (
				67F6FE322C4F7C9A000610B2 /* Sources */,
				67F6FE332C4F7C9A000610B2 /* Frameworks */,
				67F6FE342C4F7C9A000610B2 /* Resources */,
			);
			buildRules = (
			);
			dependencies = (
				67F6FE382C4F7C9A000610B2 /* PBXTargetDependency */,
			);
			name = CreateMenuTests;
			productName = CreateMenuTests;
			productReference = 67F6FE362C4F7C9A000610B2 /* CreateMenuTests.xctest */;
			productType = "com.apple.product-type.bundle.unit-test";
		};
		67F6FE3F2C4F7C9A000610B2 /* CreateMenuUITests */ = {
			isa = PBXNativeTarget;
			buildConfigurationList = 67F6FE502C4F7C9A000610B2 /* Build configuration list for PBXNativeTarget "CreateMenuUITests" */;
			buildPhases = (
				67F6FE3C2C4F7C9A000610B2 /* Sources */,
				67F6FE3D2C4F7C9A000610B2 /* Frameworks */,
				67F6FE3E2C4F7C9A000610B2 /* Resources */,
			);
			buildRules = (
			);
			dependencies = (
				67F6FE422C4F7C9A000610B2 /* PBXTargetDependency */,
			);
			name = CreateMenuUITests;
			productName = CreateMenuUITests;
			productReference = 67F6FE402C4F7C9A000610B2 /* CreateMenuUITests.xctest */;
			productType = "com.apple.product-type.bundle.ui-testing";
		};
/* End PBXNativeTarget section */

/* Begin PBXProject section */
		67F6FE1E2C4F7C97000610B2 /* Project object */ = {
			isa = PBXProject;
			attributes = {
				BuildIndependentTargetsInParallel = 1;
				LastSwiftUpdateCheck = 1540;
				LastUpgradeCheck = 1540;
				TargetAttributes = {
					67F6FE252C4F7C97000610B2 = {
						CreatedOnToolsVersion = 15.4;
					};
					67F6FE352C4F7C9A000610B2 = {
						CreatedOnToolsVersion = 15.4;
						TestTargetID = 67F6FE252C4F7C97000610B2;
					};
					67F6FE3F2C4F7C9A000610B2 = {
						CreatedOnToolsVersion = 15.4;
						TestTargetID = 67F6FE252C4F7C97000610B2;
					};
				};
			};
			buildConfigurationList = 67F6FE212C4F7C97000610B2 /* Build configuration list for PBXProject "CreateMenu" */;
			compatibilityVersion = "Xcode 14.0";
			developmentRegion = en;
			hasScannedForEncodings = 0;
			knownRegions = (
				en,
				Base,
			);
			mainGroup = 67F6FE1D2C4F7C97000610B2;
			productRefGroup = 67F6FE272C4F7C97000610B2 /* Products */;
			projectDirPath = "";
			projectRoot = "";
			targets = (
				67F6FE252C4F7C97000610B2 /* CreateMenu */,
				67F6FE352C4F7C9A000610B2 /* CreateMenuTests */,
				67F6FE3F2C4F7C9A000610B2 /* CreateMenuUITests */,
			);
		};
/* End PBXProject section */

/* Begin PBXResourcesBuildPhase section */
		67F6FE242C4F7C97000610B2 /* Resources */ = {
			isa = PBXResourcesBuildPhase;
			buildActionMask = 2147483647;
			files = (
				67F6FE312C4F7C9A000610B2 /* Preview Assets.xcassets in Resources */,
				67F6FE2E2C4F7C9A000610B2 /* Assets.xcassets in Resources */,
			);
			runOnlyForDeploymentPostprocessing = 0;
		};
		67F6FE342C4F7C9A000610B2 /* Resources */ = {
			isa = PBXResourcesBuildPhase;
			buildActionMask = 2147483647;
			files = (
			);
			runOnlyForDeploymentPostprocessing = 0;
		};
		67F6FE3E2C4F7C9A000610B2 /* Resources */ = {
			isa = PBXResourcesBuildPhase;
			buildActionMask = 2147483647;
			files = (
			);
			runOnlyForDeploymentPostprocessing = 0;
		};
/* End PBXResourcesBuildPhase section */

/* Begin PBXSourcesBuildPhase section */
		67F6FE222C4F7C97000610B2 /* Sources */ = {
			isa = PBXSourcesBuildPhase;
			buildActionMask = 2147483647;
			files = (
				67F6FE2C2C4F7C97000610B2 /* ContentView.swift in Sources */,
				67F6FE2A2C4F7C97000610B2 /* CreateMenuApp.swift in Sources */,
			);
			runOnlyForDeploymentPostprocessing = 0;
		};
		67F6FE322C4F7C9A000610B2 /* Sources */ = {
			isa = PBXSourcesBuildPhase;
			buildActionMask = 2147483647;
			files = (
				67F6FE3B2C4F7C9A000610B2 /* CreateMenuTests.swift in Sources */,
			);
			runOnlyForDeploymentPostprocessing = 0;
		};
		67F6FE3C2C4F7C9A000610B2 /* Sources */ = {
			isa = PBXSourcesBuildPhase;
			buildActionMask = 2147483647;
			files = (
				67F6FE452C4F7C9A000610B2 /* CreateMenuUITests.swift in Sources */,
				67F6FE472C4F7C9A000610B2 /* CreateMenuUITestsLaunchTests.swift in Sources */,
			);
			runOnlyForDeploymentPostprocessing = 0;
		};
/* End PBXSourcesBuildPhase section */

/* Begin PBXTargetDependency section */
		67F6FE382C4F7C9A000610B2 /* PBXTargetDependency */ = {
			isa = PBXTargetDependency;
			target = 67F6FE252C4F7C97000610B2 /* CreateMenu */;
			targetProxy = 67F6FE372C4F7C9A000610B2 /* PBXContainerItemProxy */;
		};
		67F6FE422C4F7C9A000610B2 /* PBXTargetDependency */ = {
			isa = PBXTargetDependency;
			target = 67F6FE252C4F7C97000610B2 /* CreateMenu */;
			targetProxy = 67F6FE412C4F7C9A000610B2 /* PBXContainerItemProxy */;
		};
/* End PBXTargetDependency section */

/* Begin XCBuildConfiguration section */
		67F6FE482C4F7C9A000610B2 /* Debug */ = {
			isa = XCBuildConfiguration;
			buildSettings = {
				ALWAYS_SEARCH_USER_PATHS = NO;
				ASSETCATALOG_COMPILER_GENERATE_SWIFT_ASSET_SYMBOL_EXTENSIONS = YES;
				CLANG_ANALYZER_NONNULL = YES;
				CLANG_ANALYZER_NUMBER_OBJECT_CONVERSION = YES_AGGRESSIVE;
				CLANG_CXX_LANGUAGE_STANDARD = "gnu++20";
				CLANG_ENABLE_MODULES = YES;
				CLANG_ENABLE_OBJC_ARC = YES;
				CLANG_ENABLE_OBJC_WEAK = YES;
				CLANG_WARN_BLOCK_CAPTURE_AUTORELEASING = YES;
				CLANG_WARN_BOOL_CONVERSION = YES;
				CLANG_WARN_COMMA = YES;
				CLANG_WARN_CONSTANT_CONVERSION = YES;
				CLANG_WARN_DEPRECATED_OBJC_IMPLEMENTATIONS = YES;
				CLANG_WARN_DIRECT_OBJC_ISA_USAGE = YES_ERROR;
				CLANG_WARN_DOCUMENTATION_COMMENTS = YES;
				CLANG_WARN_EMPTY_BODY = YES;
				CLANG_WARN_ENUM_CONVERSION = YES;
				CLANG_WARN_INFINITE_RECURSION = YES;
				CLANG_WARN_INT_CONVERSION = YES;
				CLANG_WARN_NON_LITERAL_NULL_CONVERSION = YES;
				CLANG_WARN_OBJC_IMPLICIT_RETAIN_SELF = YES;
				CLANG_WARN_OBJC_LITERAL_CONVERSION = YES;
				CLANG_WARN_OBJC_ROOT_CLASS = YES_ERROR;
				CLANG_WARN_QUOTED_INCLUDE_IN_FRAMEWORK_HEADER = YES;
				CLANG_WARN_RANGE_LOOP_ANALYSIS = YES;
				CLANG_WARN_STRICT_PROTOTYPES = YES;
				CLANG_WARN_SUSPICIOUS_MOVE = YES;
				CLANG_WARN_UNGUARDED_AVAILABILITY = YES_AGGRESSIVE;
				CLANG_WARN_UNREACHABLE_CODE = YES;
				CLANG_WARN__DUPLICATE_METHOD_MATCH = YES;
				COPY_PHASE_STRIP = NO;
				DEBUG_INFORMATION_FORMAT = dwarf;
				ENABLE_STRICT_OBJC_MSGSEND = YES;
				ENABLE_TESTABILITY = YES;
				ENABLE_USER_SCRIPT_SANDBOXING = YES;
				GCC_C_LANGUAGE_STANDARD = gnu17;
				GCC_DYNAMIC_NO_PIC = NO;
				GCC_NO_COMMON_BLOCKS = YES;
				GCC_OPTIMIZATION_LEVEL = 0;
				GCC_PREPROCESSOR_DEFINITIONS = (
					"DEBUG=1",
					"$(inherited)",
				);
				GCC_WARN_64_TO_32_BIT_CONVERSION = YES;
				GCC_WARN_ABOUT_RETURN_TYPE = YES_ERROR;
				GCC_WARN_UNDECLARED_SELECTOR = YES;
				GCC_WARN_UNINITIALIZED_AUTOS = YES_AGGRESSIVE;
				GCC_WARN_UNUSED_FUNCTION = YES;
				GCC_WARN_UNUSED_VARIABLE = YES;
				IPHONEOS_DEPLOYMENT_TARGET = 17.5;
				LOCALIZATION_PREFERS_STRING_CATALOGS = YES;
				MTL_ENABLE_DEBUG_INFO = INCLUDE_SOURCE;
				MTL_FAST_MATH = YES;
				ONLY_ACTIVE_ARCH = YES;
				SDKROOT = iphoneos;
				SWIFT_ACTIVE_COMPILATION_CONDITIONS = "DEBUG $(inherited)";
				SWIFT_OPTIMIZATION_LEVEL = "-Onone";
			};
			name = Debug;
		};
		67F6FE492C4F7C9A000610B2 /* Release */ = {
			isa = XCBuildConfiguration;
			buildSettings = {
				ALWAYS_SEARCH_USER_PATHS = NO;
				ASSETCATALOG_COMPILER_GENERATE_SWIFT_ASSET_SYMBOL_EXTENSIONS = YES;
				CLANG_ANALYZER_NONNULL = YES;
				CLANG_ANALYZER_NUMBER_OBJECT_CONVERSION = YES_AGGRESSIVE;
				CLANG_CXX_LANGUAGE_STANDARD = "gnu++20";
				CLANG_ENABLE_MODULES = YES;
				CLANG_ENABLE_OBJC_ARC = YES;
				CLANG_ENABLE_OBJC_WEAK = YES;
				CLANG_WARN_BLOCK_CAPTURE_AUTORELEASING = YES;
				CLANG_WARN_BOOL_CONVERSION = YES;
				CLANG_WARN_COMMA = YES;
				CLANG_WARN_CONSTANT_CONVERSION = YES;
				CLANG_WARN_DEPRECATED_OBJC_IMPLEMENTATIONS = YES;
				CLANG_WARN_DIRECT_OBJC_ISA_USAGE = YES_ERROR;
				CLANG_WARN_DOCUMENTATION_COMMENTS = YES;
				CLANG_WARN_EMPTY_BODY = YES;
				CLANG_WARN_ENUM_CONVERSION = YES;
				CLANG_WARN_INFINITE_RECURSION = YES;
				CLANG_WARN_INT_CONVERSION = YES;
				CLANG_WARN_NON_LITERAL_NULL_CONVERSION = YES;
				CLANG_WARN_OBJC_IMPLICIT_RETAIN_SELF = YES;
				CLANG_WARN_OBJC_LITERAL_CONVERSION = YES;
				CLANG_WARN_OBJC_ROOT_CLASS = YES_ERROR;
				CLANG_WARN_QUOTED_INCLUDE_IN_FRAMEWORK_HEADER = YES;
				CLANG_WARN_RANGE_LOOP_ANALYSIS = YES;
				CLANG_WARN_STRICT_PROTOTYPES = YES;
				CLANG_WARN_SUSPICIOUS_MOVE = YES;
				CLANG_WARN_UNGUARDED_AVAILABILITY = YES_AGGRESSIVE;
				CLANG_WARN_UNREACHABLE_CODE = YES;
				CLANG_WARN__DUPLICATE_METHOD_MATCH = YES;
				COPY_PHASE_STRIP = NO;
				DEBUG_INFORMATION_FORMAT = "dwarf-with-dsym";
				ENABLE_NS_ASSERTIONS = NO;
				ENABLE_STRICT_OBJC_MSGSEND = YES;
				ENABLE_USER_SCRIPT_SANDBOXING = YES;
				GCC_C_LANGUAGE_STANDARD = gnu17;
				GCC_NO_COMMON_BLOCKS = YES;
				GCC_WARN_64_TO_32_BIT_CONVERSION = YES;
				GCC_WARN_ABOUT_RETURN_TYPE = YES_ERROR;
				GCC_WARN_UNDECLARED_SELECTOR = YES;
				GCC_WARN_UNINITIALIZED_AUTOS = YES_AGGRESSIVE;
				GCC_WARN_UNUSED_FUNCTION = YES;
				GCC_WARN_UNUSED_VARIABLE = YES;
				IPHONEOS_DEPLOYMENT_TARGET = 17.5;
				LOCALIZATION_PREFERS_STRING_CATALOGS = YES;
				MTL_ENABLE_DEBUG_INFO = NO;
				MTL_FAST_MATH = YES;
				SDKROOT = iphoneos;
				SWIFT_COMPILATION_MODE = wholemodule;
				VALIDATE_PRODUCT = YES;
			};
			name = Release;
		};
		67F6FE4B2C4F7C9A000610B2 /* Debug */ = {
			isa = XCBuildConfiguration;
			buildSettings = {
				ASSETCATALOG_COMPILER_APPICON_NAME = AppIcon;
				ASSETCATALOG_COMPILER_GLOBAL_ACCENT_COLOR_NAME = AccentColor;
				CODE_SIGN_STYLE = Automatic;
				CURRENT_PROJECT_VERSION = 1;
				DEVELOPMENT_ASSET_PATHS = "\"CreateMenu/Preview Content\"";
				ENABLE_PREVIEWS = YES;
				GENERATE_INFOPLIST_FILE = YES;
				INFOPLIST_KEY_UIApplicationSceneManifest_Generation = YES;
				INFOPLIST_KEY_UIApplicationSupportsIndirectInputEvents = YES;
				INFOPLIST_KEY_UILaunchScreen_Generation = YES;
				INFOPLIST_KEY_UISupportedInterfaceOrientations_iPad = "UIInterfaceOrientationPortrait UIInterfaceOrientationPortraitUpsideDown UIInterfaceOrientationLandscapeLeft UIInterfaceOrientationLandscapeRight";
				INFOPLIST_KEY_UISupportedInterfaceOrientations_iPhone = "UIInterfaceOrientationPortrait UIInterfaceOrientationLandscapeLeft UIInterfaceOrientationLandscapeRight";
				LD_RUNPATH_SEARCH_PATHS = (
					"$(inherited)",
					"@executable_path/Frameworks",
				);
				MARKETING_VERSION = 1.0;
				PRODUCT_BUNDLE_IDENTIFIER = CreateMenu.CreateMenu;
				PRODUCT_NAME = "$(TARGET_NAME)";
				SWIFT_EMIT_LOC_STRINGS = YES;
				SWIFT_VERSION = 5.0;
				TARGETED_DEVICE_FAMILY = "1,2";
			};
			name = Debug;
		};
		67F6FE4C2C4F7C9A000610B2 /* Release */ = {
			isa = XCBuildConfiguration;
			buildSettings = {
				ASSETCATALOG_COMPILER_APPICON_NAME = AppIcon;
				ASSETCATALOG_COMPILER_GLOBAL_ACCENT_COLOR_NAME = AccentColor;
				CODE_SIGN_STYLE = Automatic;
				CURRENT_PROJECT_VERSION = 1;
				DEVELOPMENT_ASSET_PATHS = "\"CreateMenu/Preview Content\"";
				ENABLE_PREVIEWS = YES;
				GENERATE_INFOPLIST_FILE = YES;
				INFOPLIST_KEY_UIApplicationSceneManifest_Generation = YES;
				INFOPLIST_KEY_UIApplicationSupportsIndirectInputEvents = YES;
				INFOPLIST_KEY_UILaunchScreen_Generation = YES;
				INFOPLIST_KEY_UISupportedInterfaceOrientations_iPad = "UIInterfaceOrientationPortrait UIInterfaceOrientationPortraitUpsideDown UIInterfaceOrientationLandscapeLeft UIInterfaceOrientationLandscapeRight";
				INFOPLIST_KEY_UISupportedInterfaceOrientations_iPhone = "UIInterfaceOrientationPortrait UIInterfaceOrientationLandscapeLeft UIInterfaceOrientationLandscapeRight";
				LD_RUNPATH_SEARCH_PATHS = (
					"$(inherited)",
					"@executable_path/Frameworks",
				);
				MARKETING_VERSION = 1.0;
				PRODUCT_BUNDLE_IDENTIFIER = CreateMenu.CreateMenu;
				PRODUCT_NAME = "$(TARGET_NAME)";
				SWIFT_EMIT_LOC_STRINGS = YES;
				SWIFT_VERSION = 5.0;
				TARGETED_DEVICE_FAMILY = "1,2";
			};
			name = Release;
		};
		67F6FE4E2C4F7C9A000610B2 /* Debug */ = {
			isa = XCBuildConfiguration;
			buildSettings = {
				ALWAYS_EMBED_SWIFT_STANDARD_LIBRARIES = YES;
				BUNDLE_LOADER = "$(TEST_HOST)";
				CODE_SIGN_STYLE = Automatic;
				CURRENT_PROJECT_VERSION = 1;
				GENERATE_INFOPLIST_FILE = YES;
				IPHONEOS_DEPLOYMENT_TARGET = 17.5;
				MARKETING_VERSION = 1.0;
				PRODUCT_BUNDLE_IDENTIFIER = CreateMenu.CreateMenuTests;
				PRODUCT_NAME = "$(TARGET_NAME)";
				SWIFT_EMIT_LOC_STRINGS = NO;
				SWIFT_VERSION = 5.0;
				TARGETED_DEVICE_FAMILY = "1,2";
				TEST_HOST = "$(BUILT_PRODUCTS_DIR)/CreateMenu.app/$(BUNDLE_EXECUTABLE_FOLDER_PATH)/CreateMenu";
			};
			name = Debug;
		};
		67F6FE4F2C4F7C9A000610B2 /* Release */ = {
			isa = XCBuildConfiguration;
			buildSettings = {
				ALWAYS_EMBED_SWIFT_STANDARD_LIBRARIES = YES;
				BUNDLE_LOADER = "$(TEST_HOST)";
				CODE_SIGN_STYLE = Automatic;
				CURRENT_PROJECT_VERSION = 1;
				GENERATE_INFOPLIST_FILE = YES;
				IPHONEOS_DEPLOYMENT_TARGET = 17.5;
				MARKETING_VERSION = 1.0;
				PRODUCT_BUNDLE_IDENTIFIER = CreateMenu.CreateMenuTests;
				PRODUCT_NAME = "$(TARGET_NAME)";
				SWIFT_EMIT_LOC_STRINGS = NO;
				SWIFT_VERSION = 5.0;
				TARGETED_DEVICE_FAMILY = "1,2";
				TEST_HOST = "$(BUILT_PRODUCTS_DIR)/CreateMenu.app/$(BUNDLE_EXECUTABLE_FOLDER_PATH)/CreateMenu";
			};
			name = Release;
		};
		67F6FE512C4F7C9A000610B2 /* Debug */ = {
			isa = XCBuildConfiguration;
			buildSettings = {
				ALWAYS_EMBED_SWIFT_STANDARD_LIBRARIES = YES;
				CODE_SIGN_STYLE = Automatic;
				CURRENT_PROJECT_VERSION = 1;
				GENERATE_INFOPLIST_FILE = YES;
				MARKETING_VERSION = 1.0;
				PRODUCT_BUNDLE_IDENTIFIER = CreateMenu.CreateMenuUITests;
				PRODUCT_NAME = "$(TARGET_NAME)";
				SWIFT_EMIT_LOC_STRINGS = NO;
				SWIFT_VERSION = 5.0;
				TARGETED_DEVICE_FAMILY = "1,2";
				TEST_TARGET_NAME = CreateMenu;
			};
			name = Debug;
		};
		67F6FE522C4F7C9A000610B2 /* Release */ = {
			isa = XCBuildConfiguration;
			buildSettings = {
				ALWAYS_EMBED_SWIFT_STANDARD_LIBRARIES = YES;
				CODE_SIGN_STYLE = Automatic;
				CURRENT_PROJECT_VERSION = 1;
				GENERATE_INFOPLIST_FILE = YES;
				MARKETING_VERSION = 1.0;
				PRODUCT_BUNDLE_IDENTIFIER = CreateMenu.CreateMenuUITests;
				PRODUCT_NAME = "$(TARGET_NAME)";
				SWIFT_EMIT_LOC_STRINGS = NO;
				SWIFT_VERSION = 5.0;
				TARGETED_DEVICE_FAMILY = "1,2";
				TEST_TARGET_NAME = CreateMenu;
			};
			name = Release;
		};
/* End XCBuildConfiguration section */

/* Begin XCConfigurationList section */
		67F6FE212C4F7C97000610B2 /* Build configuration list for PBXProject "CreateMenu" */ = {
			isa = XCConfigurationList;
			buildConfigurations = (
				67F6FE482C4F7C9A000610B2 /* Debug */,
				67F6FE492C4F7C9A000610B2 /* Release */,
			);
			defaultConfigurationIsVisible = 0;
			defaultConfigurationName = Release;
		};
		67F6FE4A2C4F7C9A000610B2 /* Build configuration list for PBXNativeTarget "CreateMenu" */ = {
			isa = XCConfigurationList;
			buildConfigurations = (
				67F6FE4B2C4F7C9A000610B2 /* Debug */,
				67F6FE4C2C4F7C9A000610B2 /* Release */,
			);
			defaultConfigurationIsVisible = 0;
			defaultConfigurationName = Release;
		};
		67F6FE4D2C4F7C9A000610B2 /* Build configuration list for PBXNativeTarget "CreateMenuTests" */ = {
			isa = XCConfigurationList;
			buildConfigurations = (
				67F6FE4E2C4F7C9A000610B2 /* Debug */,
				67F6FE4F2C4F7C9A000610B2 /* Release */,
			);
			defaultConfigurationIsVisible = 0;
			defaultConfigurationName = Release;
		};
		67F6FE502C4F7C9A000610B2 /* Build configuration list for PBXNativeTarget "CreateMenuUITests" */ = {
			isa = XCConfigurationList;
			buildConfigurations = (
				67F6FE512C4F7C9A000610B2 /* Debug */,
				67F6FE522C4F7C9A000610B2 /* Release */,
			);
			defaultConfigurationIsVisible = 0;
			defaultConfigurationName = Release;
		};
/* End XCConfigurationList section */
	};
	rootObject = 67F6FE1E2C4F7C97000610B2 /* Project object */;
}
