// !$*UTF8*$!
{
	archiveVersion = 1;
	classes = {
	};
	objectVersion = 56;
	objects = {

/* Begin PBXBuildFile section */
		67A7D38B2C2957A1006AF644 /* Swift_conceptApp.swift in Sources */ = {isa = PBXBuildFile; fileRef = 67A7D38A2C2957A1006AF644 /* Swift_conceptApp.swift */; };
		67A7D38D2C2957A1006AF644 /* ContentView.swift in Sources */ = {isa = PBXBuildFile; fileRef = 67A7D38C2C2957A1006AF644 /* ContentView.swift */; };
		67A7D38F2C2957A2006AF644 /* Assets.xcassets in Resources */ = {isa = PBXBuildFile; fileRef = 67A7D38E2C2957A2006AF644 /* Assets.xcassets */; };
		67A7D3922C2957A2006AF644 /* Preview Assets.xcassets in Resources */ = {isa = PBXBuildFile; fileRef = 67A7D3912C2957A2006AF644 /* Preview Assets.xcassets */; };
		67A7D39C2C2957A2006AF644 /* Swift_conceptTests.swift in Sources */ = {isa = PBXBuildFile; fileRef = 67A7D39B2C2957A2006AF644 /* Swift_conceptTests.swift */; };
		67A7D3A62C2957A2006AF644 /* Swift_conceptUITests.swift in Sources */ = {isa = PBXBuildFile; fileRef = 67A7D3A52C2957A2006AF644 /* Swift_conceptUITests.swift */; };
		67A7D3A82C2957A2006AF644 /* Swift_conceptUITestsLaunchTests.swift in Sources */ = {isa = PBXBuildFile; fileRef = 67A7D3A72C2957A2006AF644 /* Swift_conceptUITestsLaunchTests.swift */; };
/* End PBXBuildFile section */

/* Begin PBXContainerItemProxy section */
		67A7D3982C2957A2006AF644 /* PBXContainerItemProxy */ = {
			isa = PBXContainerItemProxy;
			containerPortal = 67A7D37F2C2957A1006AF644 /* Project object */;
			proxyType = 1;
			remoteGlobalIDString = 67A7D3862C2957A1006AF644;
			remoteInfo = "Swift concept";
		};
		67A7D3A22C2957A2006AF644 /* PBXContainerItemProxy */ = {
			isa = PBXContainerItemProxy;
			containerPortal = 67A7D37F2C2957A1006AF644 /* Project object */;
			proxyType = 1;
			remoteGlobalIDString = 67A7D3862C2957A1006AF644;
			remoteInfo = "Swift concept";
		};
/* End PBXContainerItemProxy section */

/* Begin PBXFileReference section */
		67A7D3872C2957A1006AF644 /* Swift concept.app */ = {isa = PBXFileReference; explicitFileType = wrapper.application; includeInIndex = 0; path = "Swift concept.app"; sourceTree = BUILT_PRODUCTS_DIR; };
		67A7D38A2C2957A1006AF644 /* Swift_conceptApp.swift */ = {isa = PBXFileReference; lastKnownFileType = sourcecode.swift; path = Swift_conceptApp.swift; sourceTree = "<group>"; };
		67A7D38C2C2957A1006AF644 /* ContentView.swift */ = {isa = PBXFileReference; lastKnownFileType = sourcecode.swift; path = ContentView.swift; sourceTree = "<group>"; };
		67A7D38E2C2957A2006AF644 /* Assets.xcassets */ = {isa = PBXFileReference; lastKnownFileType = folder.assetcatalog; path = Assets.xcassets; sourceTree = "<group>"; };
		67A7D3912C2957A2006AF644 /* Preview Assets.xcassets */ = {isa = PBXFileReference; lastKnownFileType = folder.assetcatalog; path = "Preview Assets.xcassets"; sourceTree = "<group>"; };
		67A7D3972C2957A2006AF644 /* Swift conceptTests.xctest */ = {isa = PBXFileReference; explicitFileType = wrapper.cfbundle; includeInIndex = 0; path = "Swift conceptTests.xctest"; sourceTree = BUILT_PRODUCTS_DIR; };
		67A7D39B2C2957A2006AF644 /* Swift_conceptTests.swift */ = {isa = PBXFileReference; lastKnownFileType = sourcecode.swift; path = Swift_conceptTests.swift; sourceTree = "<group>"; };
		67A7D3A12C2957A2006AF644 /* Swift conceptUITests.xctest */ = {isa = PBXFileReference; explicitFileType = wrapper.cfbundle; includeInIndex = 0; path = "Swift conceptUITests.xctest"; sourceTree = BUILT_PRODUCTS_DIR; };
		67A7D3A52C2957A2006AF644 /* Swift_conceptUITests.swift */ = {isa = PBXFileReference; lastKnownFileType = sourcecode.swift; path = Swift_conceptUITests.swift; sourceTree = "<group>"; };
		67A7D3A72C2957A2006AF644 /* Swift_conceptUITestsLaunchTests.swift */ = {isa = PBXFileReference; lastKnownFileType = sourcecode.swift; path = Swift_conceptUITestsLaunchTests.swift; sourceTree = "<group>"; };
/* End PBXFileReference section */

/* Begin PBXFrameworksBuildPhase section */
		67A7D3842C2957A1006AF644 /* Frameworks */ = {
			isa = PBXFrameworksBuildPhase;
			buildActionMask = 2147483647;
			files = (
			);
			runOnlyForDeploymentPostprocessing = 0;
		};
		67A7D3942C2957A2006AF644 /* Frameworks */ = {
			isa = PBXFrameworksBuildPhase;
			buildActionMask = 2147483647;
			files = (
			);
			runOnlyForDeploymentPostprocessing = 0;
		};
		67A7D39E2C2957A2006AF644 /* Frameworks */ = {
			isa = PBXFrameworksBuildPhase;
			buildActionMask = 2147483647;
			files = (
			);
			runOnlyForDeploymentPostprocessing = 0;
		};
/* End PBXFrameworksBuildPhase section */

/* Begin PBXGroup section */
		67A7D37E2C2957A1006AF644 = {
			isa = PBXGroup;
			children = (
				67A7D3892C2957A1006AF644 /* Swift concept */,
				67A7D39A2C2957A2006AF644 /* Swift conceptTests */,
				67A7D3A42C2957A2006AF644 /* Swift conceptUITests */,
				67A7D3882C2957A1006AF644 /* Products */,
			);
			sourceTree = "<group>";
		};
		67A7D3882C2957A1006AF644 /* Products */ = {
			isa = PBXGroup;
			children = (
				67A7D3872C2957A1006AF644 /* Swift concept.app */,
				67A7D3972C2957A2006AF644 /* Swift conceptTests.xctest */,
				67A7D3A12C2957A2006AF644 /* Swift conceptUITests.xctest */,
			);
			name = Products;
			sourceTree = "<group>";
		};
		67A7D3892C2957A1006AF644 /* Swift concept */ = {
			isa = PBXGroup;
			children = (
				67A7D38A2C2957A1006AF644 /* Swift_conceptApp.swift */,
				67A7D38C2C2957A1006AF644 /* ContentView.swift */,
				67A7D38E2C2957A2006AF644 /* Assets.xcassets */,
				67A7D3902C2957A2006AF644 /* Preview Content */,
			);
			path = "Swift concept";
			sourceTree = "<group>";
		};
		67A7D3902C2957A2006AF644 /* Preview Content */ = {
			isa = PBXGroup;
			children = (
				67A7D3912C2957A2006AF644 /* Preview Assets.xcassets */,
			);
			path = "Preview Content";
			sourceTree = "<group>";
		};
		67A7D39A2C2957A2006AF644 /* Swift conceptTests */ = {
			isa = PBXGroup;
			children = (
				67A7D39B2C2957A2006AF644 /* Swift_conceptTests.swift */,
			);
			path = "Swift conceptTests";
			sourceTree = "<group>";
		};
		67A7D3A42C2957A2006AF644 /* Swift conceptUITests */ = {
			isa = PBXGroup;
			children = (
				67A7D3A52C2957A2006AF644 /* Swift_conceptUITests.swift */,
				67A7D3A72C2957A2006AF644 /* Swift_conceptUITestsLaunchTests.swift */,
			);
			path = "Swift conceptUITests";
			sourceTree = "<group>";
		};
/* End PBXGroup section */

/* Begin PBXNativeTarget section */
		67A7D3862C2957A1006AF644 /* Swift concept */ = {
			isa = PBXNativeTarget;
			buildConfigurationList = 67A7D3AB2C2957A2006AF644 /* Build configuration list for PBXNativeTarget "Swift concept" */;
			buildPhases = (
				67A7D3832C2957A1006AF644 /* Sources */,
				67A7D3842C2957A1006AF644 /* Frameworks */,
				67A7D3852C2957A1006AF644 /* Resources */,
			);
			buildRules = (
			);
			dependencies = (
			);
			name = "Swift concept";
			productName = "Swift concept";
			productReference = 67A7D3872C2957A1006AF644 /* Swift concept.app */;
			productType = "com.apple.product-type.application";
		};
		67A7D3962C2957A2006AF644 /* Swift conceptTests */ = {
			isa = PBXNativeTarget;
			buildConfigurationList = 67A7D3AE2C2957A2006AF644 /* Build configuration list for PBXNativeTarget "Swift conceptTests" */;
			buildPhases = (
				67A7D3932C2957A2006AF644 /* Sources */,
				67A7D3942C2957A2006AF644 /* Frameworks */,
				67A7D3952C2957A2006AF644 /* Resources */,
			);
			buildRules = (
			);
			dependencies = (
				67A7D3992C2957A2006AF644 /* PBXTargetDependency */,
			);
			name = "Swift conceptTests";
			productName = "Swift conceptTests";
			productReference = 67A7D3972C2957A2006AF644 /* Swift conceptTests.xctest */;
			productType = "com.apple.product-type.bundle.unit-test";
		};
		67A7D3A02C2957A2006AF644 /* Swift conceptUITests */ = {
			isa = PBXNativeTarget;
			buildConfigurationList = 67A7D3B12C2957A2006AF644 /* Build configuration list for PBXNativeTarget "Swift conceptUITests" */;
			buildPhases = (
				67A7D39D2C2957A2006AF644 /* Sources */,
				67A7D39E2C2957A2006AF644 /* Frameworks */,
				67A7D39F2C2957A2006AF644 /* Resources */,
			);
			buildRules = (
			);
			dependencies = (
				67A7D3A32C2957A2006AF644 /* PBXTargetDependency */,
			);
			name = "Swift conceptUITests";
			productName = "Swift conceptUITests";
			productReference = 67A7D3A12C2957A2006AF644 /* Swift conceptUITests.xctest */;
			productType = "com.apple.product-type.bundle.ui-testing";
		};
/* End PBXNativeTarget section */

/* Begin PBXProject section */
		67A7D37F2C2957A1006AF644 /* Project object */ = {
			isa = PBXProject;
			attributes = {
				BuildIndependentTargetsInParallel = 1;
				LastSwiftUpdateCheck = 1540;
				LastUpgradeCheck = 1540;
				TargetAttributes = {
					67A7D3862C2957A1006AF644 = {
						CreatedOnToolsVersion = 15.4;
					};
					67A7D3962C2957A2006AF644 = {
						CreatedOnToolsVersion = 15.4;
						TestTargetID = 67A7D3862C2957A1006AF644;
					};
					67A7D3A02C2957A2006AF644 = {
						CreatedOnToolsVersion = 15.4;
						TestTargetID = 67A7D3862C2957A1006AF644;
					};
				};
			};
			buildConfigurationList = 67A7D3822C2957A1006AF644 /* Build configuration list for PBXProject "Swift concept" */;
			compatibilityVersion = "Xcode 14.0";
			developmentRegion = en;
			hasScannedForEncodings = 0;
			knownRegions = (
				en,
				Base,
			);
			mainGroup = 67A7D37E2C2957A1006AF644;
			productRefGroup = 67A7D3882C2957A1006AF644 /* Products */;
			projectDirPath = "";
			projectRoot = "";
			targets = (
				67A7D3862C2957A1006AF644 /* Swift concept */,
				67A7D3962C2957A2006AF644 /* Swift conceptTests */,
				67A7D3A02C2957A2006AF644 /* Swift conceptUITests */,
			);
		};
/* End PBXProject section */

/* Begin PBXResourcesBuildPhase section */
		67A7D3852C2957A1006AF644 /* Resources */ = {
			isa = PBXResourcesBuildPhase;
			buildActionMask = 2147483647;
			files = (
				67A7D3922C2957A2006AF644 /* Preview Assets.xcassets in Resources */,
				67A7D38F2C2957A2006AF644 /* Assets.xcassets in Resources */,
			);
			runOnlyForDeploymentPostprocessing = 0;
		};
		67A7D3952C2957A2006AF644 /* Resources */ = {
			isa = PBXResourcesBuildPhase;
			buildActionMask = 2147483647;
			files = (
			);
			runOnlyForDeploymentPostprocessing = 0;
		};
		67A7D39F2C2957A2006AF644 /* Resources */ = {
			isa = PBXResourcesBuildPhase;
			buildActionMask = 2147483647;
			files = (
			);
			runOnlyForDeploymentPostprocessing = 0;
		};
/* End PBXResourcesBuildPhase section */

/* Begin PBXSourcesBuildPhase section */
		67A7D3832C2957A1006AF644 /* Sources */ = {
			isa = PBXSourcesBuildPhase;
			buildActionMask = 2147483647;
			files = (
				67A7D38D2C2957A1006AF644 /* ContentView.swift in Sources */,
				67A7D38B2C2957A1006AF644 /* Swift_conceptApp.swift in Sources */,
			);
			runOnlyForDeploymentPostprocessing = 0;
		};
		67A7D3932C2957A2006AF644 /* Sources */ = {
			isa = PBXSourcesBuildPhase;
			buildActionMask = 2147483647;
			files = (
				67A7D39C2C2957A2006AF644 /* Swift_conceptTests.swift in Sources */,
			);
			runOnlyForDeploymentPostprocessing = 0;
		};
		67A7D39D2C2957A2006AF644 /* Sources */ = {
			isa = PBXSourcesBuildPhase;
			buildActionMask = 2147483647;
			files = (
				67A7D3A62C2957A2006AF644 /* Swift_conceptUITests.swift in Sources */,
				67A7D3A82C2957A2006AF644 /* Swift_conceptUITestsLaunchTests.swift in Sources */,
			);
			runOnlyForDeploymentPostprocessing = 0;
		};
/* End PBXSourcesBuildPhase section */

/* Begin PBXTargetDependency section */
		67A7D3992C2957A2006AF644 /* PBXTargetDependency */ = {
			isa = PBXTargetDependency;
			target = 67A7D3862C2957A1006AF644 /* Swift concept */;
			targetProxy = 67A7D3982C2957A2006AF644 /* PBXContainerItemProxy */;
		};
		67A7D3A32C2957A2006AF644 /* PBXTargetDependency */ = {
			isa = PBXTargetDependency;
			target = 67A7D3862C2957A1006AF644 /* Swift concept */;
			targetProxy = 67A7D3A22C2957A2006AF644 /* PBXContainerItemProxy */;
		};
/* End PBXTargetDependency section */

/* Begin XCBuildConfiguration section */
		67A7D3A92C2957A2006AF644 /* Debug */ = {
			isa = XCBuildConfiguration;
			buildSettings = {
				ALWAYS_SEARCH_USER_PATHS = NO;
				ASSETCATALOG_COMPILER_GENERATE_SWIFT_ASSET_SYMBOL_EXTENSIONS = YES;
				CLANG_ANALYZER_NONNULL = YES;
				CLANG_ANALYZER_NUMBER_OBJECT_CONVERSION = YES_AGGRESSIVE;
				CLANG_CXX_LANGUAGE_STANDARD = "gnu++20";
				CLANG_ENABLE_MODULES = YES;
				CLANG_ENABLE_OBJC_ARC = YES;
				CLANG_ENABLE_OBJC_WEAK = YES;
				CLANG_WARN_BLOCK_CAPTURE_AUTORELEASING = YES;
				CLANG_WARN_BOOL_CONVERSION = YES;
				CLANG_WARN_COMMA = YES;
				CLANG_WARN_CONSTANT_CONVERSION = YES;
				CLANG_WARN_DEPRECATED_OBJC_IMPLEMENTATIONS = YES;
				CLANG_WARN_DIRECT_OBJC_ISA_USAGE = YES_ERROR;
				CLANG_WARN_DOCUMENTATION_COMMENTS = YES;
				CLANG_WARN_EMPTY_BODY = YES;
				CLANG_WARN_ENUM_CONVERSION = YES;
				CLANG_WARN_INFINITE_RECURSION = YES;
				CLANG_WARN_INT_CONVERSION = YES;
				CLANG_WARN_NON_LITERAL_NULL_CONVERSION = YES;
				CLANG_WARN_OBJC_IMPLICIT_RETAIN_SELF = YES;
				CLANG_WARN_OBJC_LITERAL_CONVERSION = YES;
				CLANG_WARN_OBJC_ROOT_CLASS = YES_ERROR;
				CLANG_WARN_QUOTED_INCLUDE_IN_FRAMEWORK_HEADER = YES;
				CLANG_WARN_RANGE_LOOP_ANALYSIS = YES;
				CLANG_WARN_STRICT_PROTOTYPES = YES;
				CLANG_WARN_SUSPICIOUS_MOVE = YES;
				CLANG_WARN_UNGUARDED_AVAILABILITY = YES_AGGRESSIVE;
				CLANG_WARN_UNREACHABLE_CODE = YES;
				CLANG_WARN__DUPLICATE_METHOD_MATCH = YES;
				COPY_PHASE_STRIP = NO;
				DEBUG_INFORMATION_FORMAT = dwarf;
				ENABLE_STRICT_OBJC_MSGSEND = YES;
				ENABLE_TESTABILITY = YES;
				ENABLE_USER_SCRIPT_SANDBOXING = YES;
				GCC_C_LANGUAGE_STANDARD = gnu17;
				GCC_DYNAMIC_NO_PIC = NO;
				GCC_NO_COMMON_BLOCKS = YES;
				GCC_OPTIMIZATION_LEVEL = 0;
				GCC_PREPROCESSOR_DEFINITIONS = (
					"DEBUG=1",
					"$(inherited)",
				);
				GCC_WARN_64_TO_32_BIT_CONVERSION = YES;
				GCC_WARN_ABOUT_RETURN_TYPE = YES_ERROR;
				GCC_WARN_UNDECLARED_SELECTOR = YES;
				GCC_WARN_UNINITIALIZED_AUTOS = YES_AGGRESSIVE;
				GCC_WARN_UNUSED_FUNCTION = YES;
				GCC_WARN_UNUSED_VARIABLE = YES;
				IPHONEOS_DEPLOYMENT_TARGET = 17.5;
				LOCALIZATION_PREFERS_STRING_CATALOGS = YES;
				MTL_ENABLE_DEBUG_INFO = INCLUDE_SOURCE;
				MTL_FAST_MATH = YES;
				ONLY_ACTIVE_ARCH = YES;
				SDKROOT = iphoneos;
				SWIFT_ACTIVE_COMPILATION_CONDITIONS = "DEBUG $(inherited)";
				SWIFT_OPTIMIZATION_LEVEL = "-Onone";
			};
			name = Debug;
		};
		67A7D3AA2C2957A2006AF644 /* Release */ = {
			isa = XCBuildConfiguration;
			buildSettings = {
				ALWAYS_SEARCH_USER_PATHS = NO;
				ASSETCATALOG_COMPILER_GENERATE_SWIFT_ASSET_SYMBOL_EXTENSIONS = YES;
				CLANG_ANALYZER_NONNULL = YES;
				CLANG_ANALYZER_NUMBER_OBJECT_CONVERSION = YES_AGGRESSIVE;
				CLANG_CXX_LANGUAGE_STANDARD = "gnu++20";
				CLANG_ENABLE_MODULES = YES;
				CLANG_ENABLE_OBJC_ARC = YES;
				CLANG_ENABLE_OBJC_WEAK = YES;
				CLANG_WARN_BLOCK_CAPTURE_AUTORELEASING = YES;
				CLANG_WARN_BOOL_CONVERSION = YES;
				CLANG_WARN_COMMA = YES;
				CLANG_WARN_CONSTANT_CONVERSION = YES;
				CLANG_WARN_DEPRECATED_OBJC_IMPLEMENTATIONS = YES;
				CLANG_WARN_DIRECT_OBJC_ISA_USAGE = YES_ERROR;
				CLANG_WARN_DOCUMENTATION_COMMENTS = YES;
				CLANG_WARN_EMPTY_BODY = YES;
				CLANG_WARN_ENUM_CONVERSION = YES;
				CLANG_WARN_INFINITE_RECURSION = YES;
				CLANG_WARN_INT_CONVERSION = YES;
				CLANG_WARN_NON_LITERAL_NULL_CONVERSION = YES;
				CLANG_WARN_OBJC_IMPLICIT_RETAIN_SELF = YES;
				CLANG_WARN_OBJC_LITERAL_CONVERSION = YES;
				CLANG_WARN_OBJC_ROOT_CLASS = YES_ERROR;
				CLANG_WARN_QUOTED_INCLUDE_IN_FRAMEWORK_HEADER = YES;
				CLANG_WARN_RANGE_LOOP_ANALYSIS = YES;
				CLANG_WARN_STRICT_PROTOTYPES = YES;
				CLANG_WARN_SUSPICIOUS_MOVE = YES;
				CLANG_WARN_UNGUARDED_AVAILABILITY = YES_AGGRESSIVE;
				CLANG_WARN_UNREACHABLE_CODE = YES;
				CLANG_WARN__DUPLICATE_METHOD_MATCH = YES;
				COPY_PHASE_STRIP = NO;
				DEBUG_INFORMATION_FORMAT = "dwarf-with-dsym";
				ENABLE_NS_ASSERTIONS = NO;
				ENABLE_STRICT_OBJC_MSGSEND = YES;
				ENABLE_USER_SCRIPT_SANDBOXING = YES;
				GCC_C_LANGUAGE_STANDARD = gnu17;
				GCC_NO_COMMON_BLOCKS = YES;
				GCC_WARN_64_TO_32_BIT_CONVERSION = YES;
				GCC_WARN_ABOUT_RETURN_TYPE = YES_ERROR;
				GCC_WARN_UNDECLARED_SELECTOR = YES;
				GCC_WARN_UNINITIALIZED_AUTOS = YES_AGGRESSIVE;
				GCC_WARN_UNUSED_FUNCTION = YES;
				GCC_WARN_UNUSED_VARIABLE = YES;
				IPHONEOS_DEPLOYMENT_TARGET = 17.5;
				LOCALIZATION_PREFERS_STRING_CATALOGS = YES;
				MTL_ENABLE_DEBUG_INFO = NO;
				MTL_FAST_MATH = YES;
				SDKROOT = iphoneos;
				SWIFT_COMPILATION_MODE = wholemodule;
				VALIDATE_PRODUCT = YES;
			};
			name = Release;
		};
		67A7D3AC2C2957A2006AF644 /* Debug */ = {
			isa = XCBuildConfiguration;
			buildSettings = {
				ASSETCATALOG_COMPILER_APPICON_NAME = AppIcon;
				ASSETCATALOG_COMPILER_GLOBAL_ACCENT_COLOR_NAME = AccentColor;
				CODE_SIGN_STYLE = Automatic;
				CURRENT_PROJECT_VERSION = 1;
				DEVELOPMENT_ASSET_PATHS = "\"Swift concept/Preview Content\"";
				ENABLE_PREVIEWS = YES;
				GENERATE_INFOPLIST_FILE = YES;
				INFOPLIST_KEY_UIApplicationSceneManifest_Generation = YES;
				INFOPLIST_KEY_UIApplicationSupportsIndirectInputEvents = YES;
				INFOPLIST_KEY_UILaunchScreen_Generation = YES;
				INFOPLIST_KEY_UISupportedInterfaceOrientations_iPad = "UIInterfaceOrientationPortrait UIInterfaceOrientationPortraitUpsideDown UIInterfaceOrientationLandscapeLeft UIInterfaceOrientationLandscapeRight";
				INFOPLIST_KEY_UISupportedInterfaceOrientations_iPhone = "UIInterfaceOrientationPortrait UIInterfaceOrientationLandscapeLeft UIInterfaceOrientationLandscapeRight";
				LD_RUNPATH_SEARCH_PATHS = (
					"$(inherited)",
					"@executable_path/Frameworks",
				);
				MARKETING_VERSION = 1.0;
				PRODUCT_BUNDLE_IDENTIFIER = "New.Swift-concept";
				PRODUCT_NAME = "$(TARGET_NAME)";
				SWIFT_EMIT_LOC_STRINGS = YES;
				SWIFT_VERSION = 5.0;
				TARGETED_DEVICE_FAMILY = "1,2";
			};
			name = Debug;
		};
		67A7D3AD2C2957A2006AF644 /* Release */ = {
			isa = XCBuildConfiguration;
			buildSettings = {
				ASSETCATALOG_COMPILER_APPICON_NAME = AppIcon;
				ASSETCATALOG_COMPILER_GLOBAL_ACCENT_COLOR_NAME = AccentColor;
				CODE_SIGN_STYLE = Automatic;
				CURRENT_PROJECT_VERSION = 1;
				DEVELOPMENT_ASSET_PATHS = "\"Swift concept/Preview Content\"";
				ENABLE_PREVIEWS = YES;
				GENERATE_INFOPLIST_FILE = YES;
				INFOPLIST_KEY_UIApplicationSceneManifest_Generation = YES;
				INFOPLIST_KEY_UIApplicationSupportsIndirectInputEvents = YES;
				INFOPLIST_KEY_UILaunchScreen_Generation = YES;
				INFOPLIST_KEY_UISupportedInterfaceOrientations_iPad = "UIInterfaceOrientationPortrait UIInterfaceOrientationPortraitUpsideDown UIInterfaceOrientationLandscapeLeft UIInterfaceOrientationLandscapeRight";
				INFOPLIST_KEY_UISupportedInterfaceOrientations_iPhone = "UIInterfaceOrientationPortrait UIInterfaceOrientationLandscapeLeft UIInterfaceOrientationLandscapeRight";
				LD_RUNPATH_SEARCH_PATHS = (
					"$(inherited)",
					"@executable_path/Frameworks",
				);
				MARKETING_VERSION = 1.0;
				PRODUCT_BUNDLE_IDENTIFIER = "New.Swift-concept";
				PRODUCT_NAME = "$(TARGET_NAME)";
				SWIFT_EMIT_LOC_STRINGS = YES;
				SWIFT_VERSION = 5.0;
				TARGETED_DEVICE_FAMILY = "1,2";
			};
			name = Release;
		};
		67A7D3AF2C2957A2006AF644 /* Debug */ = {
			isa = XCBuildConfiguration;
			buildSettings = {
				ALWAYS_EMBED_SWIFT_STANDARD_LIBRARIES = YES;
				BUNDLE_LOADER = "$(TEST_HOST)";
				CODE_SIGN_STYLE = Automatic;
				CURRENT_PROJECT_VERSION = 1;
				GENERATE_INFOPLIST_FILE = YES;
				IPHONEOS_DEPLOYMENT_TARGET = 17.5;
				MARKETING_VERSION = 1.0;
				PRODUCT_BUNDLE_IDENTIFIER = "New.Swift-conceptTests";
				PRODUCT_NAME = "$(TARGET_NAME)";
				SWIFT_EMIT_LOC_STRINGS = NO;
				SWIFT_VERSION = 5.0;
				TARGETED_DEVICE_FAMILY = "1,2";
				TEST_HOST = "$(BUILT_PRODUCTS_DIR)/Swift concept.app/$(BUNDLE_EXECUTABLE_FOLDER_PATH)/Swift concept";
			};
			name = Debug;
		};
		67A7D3B02C2957A2006AF644 /* Release */ = {
			isa = XCBuildConfiguration;
			buildSettings = {
				ALWAYS_EMBED_SWIFT_STANDARD_LIBRARIES = YES;
				BUNDLE_LOADER = "$(TEST_HOST)";
				CODE_SIGN_STYLE = Automatic;
				CURRENT_PROJECT_VERSION = 1;
				GENERATE_INFOPLIST_FILE = YES;
				IPHONEOS_DEPLOYMENT_TARGET = 17.5;
				MARKETING_VERSION = 1.0;
				PRODUCT_BUNDLE_IDENTIFIER = "New.Swift-conceptTests";
				PRODUCT_NAME = "$(TARGET_NAME)";
				SWIFT_EMIT_LOC_STRINGS = NO;
				SWIFT_VERSION = 5.0;
				TARGETED_DEVICE_FAMILY = "1,2";
				TEST_HOST = "$(BUILT_PRODUCTS_DIR)/Swift concept.app/$(BUNDLE_EXECUTABLE_FOLDER_PATH)/Swift concept";
			};
			name = Release;
		};
		67A7D3B22C2957A2006AF644 /* Debug */ = {
			isa = XCBuildConfiguration;
			buildSettings = {
				ALWAYS_EMBED_SWIFT_STANDARD_LIBRARIES = YES;
				CODE_SIGN_STYLE = Automatic;
				CURRENT_PROJECT_VERSION = 1;
				GENERATE_INFOPLIST_FILE = YES;
				MARKETING_VERSION = 1.0;
				PRODUCT_BUNDLE_IDENTIFIER = "New.Swift-conceptUITests";
				PRODUCT_NAME = "$(TARGET_NAME)";
				SWIFT_EMIT_LOC_STRINGS = NO;
				SWIFT_VERSION = 5.0;
				TARGETED_DEVICE_FAMILY = "1,2";
				TEST_TARGET_NAME = "Swift concept";
			};
			name = Debug;
		};
		67A7D3B32C2957A2006AF644 /* Release */ = {
			isa = XCBuildConfiguration;
			buildSettings = {
				ALWAYS_EMBED_SWIFT_STANDARD_LIBRARIES = YES;
				CODE_SIGN_STYLE = Automatic;
				CURRENT_PROJECT_VERSION = 1;
				GENERATE_INFOPLIST_FILE = YES;
				MARKETING_VERSION = 1.0;
				PRODUCT_BUNDLE_IDENTIFIER = "New.Swift-conceptUITests";
				PRODUCT_NAME = "$(TARGET_NAME)";
				SWIFT_EMIT_LOC_STRINGS = NO;
				SWIFT_VERSION = 5.0;
				TARGETED_DEVICE_FAMILY = "1,2";
				TEST_TARGET_NAME = "Swift concept";
			};
			name = Release;
		};
/* End XCBuildConfiguration section */

/* Begin XCConfigurationList section */
		67A7D3822C2957A1006AF644 /* Build configuration list for PBXProject "Swift concept" */ = {
			isa = XCConfigurationList;
			buildConfigurations = (
				67A7D3A92C2957A2006AF644 /* Debug */,
				67A7D3AA2C2957A2006AF644 /* Release */,
			);
			defaultConfigurationIsVisible = 0;
			defaultConfigurationName = Release;
		};
		67A7D3AB2C2957A2006AF644 /* Build configuration list for PBXNativeTarget "Swift concept" */ = {
			isa = XCConfigurationList;
			buildConfigurations = (
				67A7D3AC2C2957A2006AF644 /* Debug */,
				67A7D3AD2C2957A2006AF644 /* Release */,
			);
			defaultConfigurationIsVisible = 0;
			defaultConfigurationName = Release;
		};
		67A7D3AE2C2957A2006AF644 /* Build configuration list for PBXNativeTarget "Swift conceptTests" */ = {
			isa = XCConfigurationList;
			buildConfigurations = (
				67A7D3AF2C2957A2006AF644 /* Debug */,
				67A7D3B02C2957A2006AF644 /* Release */,
			);
			defaultConfigurationIsVisible = 0;
			defaultConfigurationName = Release;
		};
		67A7D3B12C2957A2006AF644 /* Build configuration list for PBXNativeTarget "Swift conceptUITests" */ = {
			isa = XCConfigurationList;
			buildConfigurations = (
				67A7D3B22C2957A2006AF644 /* Debug */,
				67A7D3B32C2957A2006AF644 /* Release */,
			);
			defaultConfigurationIsVisible = 0;
			defaultConfigurationName = Release;
		};
/* End XCConfigurationList section */
	};
	rootObject = 67A7D37F2C2957A1006AF644 /* Project object */;
}
