// !$*UTF8*$!
{
	archiveVersion = 1;
	classes = {
	};
	objectVersion = 56;
	objects = {

/* Begin PBXBuildFile section */
		67B192D22C28043000587473 /* MyVstackView.swift in Sources */ = {isa = PBXBuildFile; fileRef = 67B192D12C28043000587473 /* MyVstackView.swift */; };
		67B192D42C2834A600587473 /* MyTextView.swift in Sources */ = {isa = PBXBuildFile; fileRef = 67B192D32C2834A600587473 /* MyTextView.swift */; };
		67E729952C27FA4E007C3635 /* SecondPracticeApp.swift in Sources */ = {isa = PBXBuildFile; fileRef = 67E729942C27FA4E007C3635 /* SecondPracticeApp.swift */; };
		67E729972C27FA4E007C3635 /* ContentView.swift in Sources */ = {isa = PBXBuildFile; fileRef = 67E729962C27FA4E007C3635 /* ContentView.swift */; };
		67E729992C27FA4F007C3635 /* Assets.xcassets in Resources */ = {isa = PBXBuildFile; fileRef = 67E729982C27FA4F007C3635 /* Assets.xcassets */; };
		67E7299C2C27FA4F007C3635 /* Preview Assets.xcassets in Resources */ = {isa = PBXBuildFile; fileRef = 67E7299B2C27FA4F007C3635 /* Preview Assets.xcassets */; };
		67E729A62C27FA4F007C3635 /* SecondPracticeTests.swift in Sources */ = {isa = PBXBuildFile; fileRef = 67E729A52C27FA4F007C3635 /* SecondPracticeTests.swift */; };
		67E729B02C27FA4F007C3635 /* SecondPracticeUITests.swift in Sources */ = {isa = PBXBuildFile; fileRef = 67E729AF2C27FA4F007C3635 /* SecondPracticeUITests.swift */; };
		67E729B22C27FA4F007C3635 /* SecondPracticeUITestsLaunchTests.swift in Sources */ = {isa = PBXBuildFile; fileRef = 67E729B12C27FA4F007C3635 /* SecondPracticeUITestsLaunchTests.swift */; };
/* End PBXBuildFile section */

/* Begin PBXContainerItemProxy section */
		67E729A22C27FA4F007C3635 /* PBXContainerItemProxy */ = {
			isa = PBXContainerItemProxy;
			containerPortal = 67E729892C27FA4E007C3635 /* Project object */;
			proxyType = 1;
			remoteGlobalIDString = 67E729902C27FA4E007C3635;
			remoteInfo = SecondPractice;
		};
		67E729AC2C27FA4F007C3635 /* PBXContainerItemProxy */ = {
			isa = PBXContainerItemProxy;
			containerPortal = 67E729892C27FA4E007C3635 /* Project object */;
			proxyType = 1;
			remoteGlobalIDString = 67E729902C27FA4E007C3635;
			remoteInfo = SecondPractice;
		};
/* End PBXContainerItemProxy section */

/* Begin PBXFileReference section */
		67B192D12C28043000587473 /* MyVstackView.swift */ = {isa = PBXFileReference; lastKnownFileType = sourcecode.swift; path = MyVstackView.swift; sourceTree = "<group>"; };
		67B192D32C2834A600587473 /* MyTextView.swift */ = {isa = PBXFileReference; lastKnownFileType = sourcecode.swift; path = MyTextView.swift; sourceTree = "<group>"; };
		67E729912C27FA4E007C3635 /* SecondPractice.app */ = {isa = PBXFileReference; explicitFileType = wrapper.application; includeInIndex = 0; path = SecondPractice.app; sourceTree = BUILT_PRODUCTS_DIR; };
		67E729942C27FA4E007C3635 /* SecondPracticeApp.swift */ = {isa = PBXFileReference; lastKnownFileType = sourcecode.swift; path = SecondPracticeApp.swift; sourceTree = "<group>"; };
		67E729962C27FA4E007C3635 /* ContentView.swift */ = {isa = PBXFileReference; lastKnownFileType = sourcecode.swift; path = ContentView.swift; sourceTree = "<group>"; };
		67E729982C27FA4F007C3635 /* Assets.xcassets */ = {isa = PBXFileReference; lastKnownFileType = folder.assetcatalog; path = Assets.xcassets; sourceTree = "<group>"; };
		67E7299B2C27FA4F007C3635 /* Preview Assets.xcassets */ = {isa = PBXFileReference; lastKnownFileType = folder.assetcatalog; path = "Preview Assets.xcassets"; sourceTree = "<group>"; };
		67E729A12C27FA4F007C3635 /* SecondPracticeTests.xctest */ = {isa = PBXFileReference; explicitFileType = wrapper.cfbundle; includeInIndex = 0; path = SecondPracticeTests.xctest; sourceTree = BUILT_PRODUCTS_DIR; };
		67E729A52C27FA4F007C3635 /* SecondPracticeTests.swift */ = {isa = PBXFileReference; lastKnownFileType = sourcecode.swift; path = SecondPracticeTests.swift; sourceTree = "<group>"; };
		67E729AB2C27FA4F007C3635 /* SecondPracticeUITests.xctest */ = {isa = PBXFileReference; explicitFileType = wrapper.cfbundle; includeInIndex = 0; path = SecondPracticeUITests.xctest; sourceTree = BUILT_PRODUCTS_DIR; };
		67E729AF2C27FA4F007C3635 /* SecondPracticeUITests.swift */ = {isa = PBXFileReference; lastKnownFileType = sourcecode.swift; path = SecondPracticeUITests.swift; sourceTree = "<group>"; };
		67E729B12C27FA4F007C3635 /* SecondPracticeUITestsLaunchTests.swift */ = {isa = PBXFileReference; lastKnownFileType = sourcecode.swift; path = SecondPracticeUITestsLaunchTests.swift; sourceTree = "<group>"; };
/* End PBXFileReference section */

/* Begin PBXFrameworksBuildPhase section */
		67E7298E2C27FA4E007C3635 /* Frameworks */ = {
			isa = PBXFrameworksBuildPhase;
			buildActionMask = 2147483647;
			files = (
			);
			runOnlyForDeploymentPostprocessing = 0;
		};
		67E7299E2C27FA4F007C3635 /* Frameworks */ = {
			isa = PBXFrameworksBuildPhase;
			buildActionMask = 2147483647;
			files = (
			);
			runOnlyForDeploymentPostprocessing = 0;
		};
		67E729A82C27FA4F007C3635 /* Frameworks */ = {
			isa = PBXFrameworksBuildPhase;
			buildActionMask = 2147483647;
			files = (
			);
			runOnlyForDeploymentPostprocessing = 0;
		};
/* End PBXFrameworksBuildPhase section */

/* Begin PBXGroup section */
		67E729882C27FA4E007C3635 = {
			isa = PBXGroup;
			children = (
				67E729932C27FA4E007C3635 /* SecondPractice */,
				67E729A42C27FA4F007C3635 /* SecondPracticeTests */,
				67E729AE2C27FA4F007C3635 /* SecondPracticeUITests */,
				67E729922C27FA4E007C3635 /* Products */,
			);
			sourceTree = "<group>";
		};
		67E729922C27FA4E007C3635 /* Products */ = {
			isa = PBXGroup;
			children = (
				67E729912C27FA4E007C3635 /* SecondPractice.app */,
				67E729A12C27FA4F007C3635 /* SecondPracticeTests.xctest */,
				67E729AB2C27FA4F007C3635 /* SecondPracticeUITests.xctest */,
			);
			name = Products;
			sourceTree = "<group>";
		};
		67E729932C27FA4E007C3635 /* SecondPractice */ = {
			isa = PBXGroup;
			children = (
				67E729942C27FA4E007C3635 /* SecondPracticeApp.swift */,
				67E729962C27FA4E007C3635 /* ContentView.swift */,
				67E729982C27FA4F007C3635 /* Assets.xcassets */,
				67E7299A2C27FA4F007C3635 /* Preview Content */,
				67B192D12C28043000587473 /* MyVstackView.swift */,
				67B192D32C2834A600587473 /* MyTextView.swift */,
			);
			path = SecondPractice;
			sourceTree = "<group>";
		};
		67E7299A2C27FA4F007C3635 /* Preview Content */ = {
			isa = PBXGroup;
			children = (
				67E7299B2C27FA4F007C3635 /* Preview Assets.xcassets */,
			);
			path = "Preview Content";
			sourceTree = "<group>";
		};
		67E729A42C27FA4F007C3635 /* SecondPracticeTests */ = {
			isa = PBXGroup;
			children = (
				67E729A52C27FA4F007C3635 /* SecondPracticeTests.swift */,
			);
			path = SecondPracticeTests;
			sourceTree = "<group>";
		};
		67E729AE2C27FA4F007C3635 /* SecondPracticeUITests */ = {
			isa = PBXGroup;
			children = (
				67E729AF2C27FA4F007C3635 /* SecondPracticeUITests.swift */,
				67E729B12C27FA4F007C3635 /* SecondPracticeUITestsLaunchTests.swift */,
			);
			path = SecondPracticeUITests;
			sourceTree = "<group>";
		};
/* End PBXGroup section */

/* Begin PBXNativeTarget section */
		67E729902C27FA4E007C3635 /* SecondPractice */ = {
			isa = PBXNativeTarget;
			buildConfigurationList = 67E729B52C27FA4F007C3635 /* Build configuration list for PBXNativeTarget "SecondPractice" */;
			buildPhases = (
				67E7298D2C27FA4E007C3635 /* Sources */,
				67E7298E2C27FA4E007C3635 /* Frameworks */,
				67E7298F2C27FA4E007C3635 /* Resources */,
			);
			buildRules = (
			);
			dependencies = (
			);
			name = SecondPractice;
			productName = SecondPractice;
			productReference = 67E729912C27FA4E007C3635 /* SecondPractice.app */;
			productType = "com.apple.product-type.application";
		};
		67E729A02C27FA4F007C3635 /* SecondPracticeTests */ = {
			isa = PBXNativeTarget;
			buildConfigurationList = 67E729B82C27FA4F007C3635 /* Build configuration list for PBXNativeTarget "SecondPracticeTests" */;
			buildPhases = (
				67E7299D2C27FA4F007C3635 /* Sources */,
				67E7299E2C27FA4F007C3635 /* Frameworks */,
				67E7299F2C27FA4F007C3635 /* Resources */,
			);
			buildRules = (
			);
			dependencies = (
				67E729A32C27FA4F007C3635 /* PBXTargetDependency */,
			);
			name = SecondPracticeTests;
			productName = SecondPracticeTests;
			productReference = 67E729A12C27FA4F007C3635 /* SecondPracticeTests.xctest */;
			productType = "com.apple.product-type.bundle.unit-test";
		};
		67E729AA2C27FA4F007C3635 /* SecondPracticeUITests */ = {
			isa = PBXNativeTarget;
			buildConfigurationList = 67E729BB2C27FA4F007C3635 /* Build configuration list for PBXNativeTarget "SecondPracticeUITests" */;
			buildPhases = (
				67E729A72C27FA4F007C3635 /* Sources */,
				67E729A82C27FA4F007C3635 /* Frameworks */,
				67E729A92C27FA4F007C3635 /* Resources */,
			);
			buildRules = (
			);
			dependencies = (
				67E729AD2C27FA4F007C3635 /* PBXTargetDependency */,
			);
			name = SecondPracticeUITests;
			productName = SecondPracticeUITests;
			productReference = 67E729AB2C27FA4F007C3635 /* SecondPracticeUITests.xctest */;
			productType = "com.apple.product-type.bundle.ui-testing";
		};
/* End PBXNativeTarget section */

/* Begin PBXProject section */
		67E729892C27FA4E007C3635 /* Project object */ = {
			isa = PBXProject;
			attributes = {
				BuildIndependentTargetsInParallel = 1;
				LastSwiftUpdateCheck = 1540;
				LastUpgradeCheck = 1540;
				TargetAttributes = {
					67E729902C27FA4E007C3635 = {
						CreatedOnToolsVersion = 15.4;
					};
					67E729A02C27FA4F007C3635 = {
						CreatedOnToolsVersion = 15.4;
						TestTargetID = 67E729902C27FA4E007C3635;
					};
					67E729AA2C27FA4F007C3635 = {
						CreatedOnToolsVersion = 15.4;
						TestTargetID = 67E729902C27FA4E007C3635;
					};
				};
			};
			buildConfigurationList = 67E7298C2C27FA4E007C3635 /* Build configuration list for PBXProject "SecondPractice" */;
			compatibilityVersion = "Xcode 14.0";
			developmentRegion = en;
			hasScannedForEncodings = 0;
			knownRegions = (
				en,
				Base,
			);
			mainGroup = 67E729882C27FA4E007C3635;
			productRefGroup = 67E729922C27FA4E007C3635 /* Products */;
			projectDirPath = "";
			projectRoot = "";
			targets = (
				67E729902C27FA4E007C3635 /* SecondPractice */,
				67E729A02C27FA4F007C3635 /* SecondPracticeTests */,
				67E729AA2C27FA4F007C3635 /* SecondPracticeUITests */,
			);
		};
/* End PBXProject section */

/* Begin PBXResourcesBuildPhase section */
		67E7298F2C27FA4E007C3635 /* Resources */ = {
			isa = PBXResourcesBuildPhase;
			buildActionMask = 2147483647;
			files = (
				67E7299C2C27FA4F007C3635 /* Preview Assets.xcassets in Resources */,
				67E729992C27FA4F007C3635 /* Assets.xcassets in Resources */,
			);
			runOnlyForDeploymentPostprocessing = 0;
		};
		67E7299F2C27FA4F007C3635 /* Resources */ = {
			isa = PBXResourcesBuildPhase;
			buildActionMask = 2147483647;
			files = (
			);
			runOnlyForDeploymentPostprocessing = 0;
		};
		67E729A92C27FA4F007C3635 /* Resources */ = {
			isa = PBXResourcesBuildPhase;
			buildActionMask = 2147483647;
			files = (
			);
			runOnlyForDeploymentPostprocessing = 0;
		};
/* End PBXResourcesBuildPhase section */

/* Begin PBXSourcesBuildPhase section */
		67E7298D2C27FA4E007C3635 /* Sources */ = {
			isa = PBXSourcesBuildPhase;
			buildActionMask = 2147483647;
			files = (
				67E729972C27FA4E007C3635 /* ContentView.swift in Sources */,
				67B192D42C2834A600587473 /* MyTextView.swift in Sources */,
				67E729952C27FA4E007C3635 /* SecondPracticeApp.swift in Sources */,
				67B192D22C28043000587473 /* MyVstackView.swift in Sources */,
			);
			runOnlyForDeploymentPostprocessing = 0;
		};
		67E7299D2C27FA4F007C3635 /* Sources */ = {
			isa = PBXSourcesBuildPhase;
			buildActionMask = 2147483647;
			files = (
				67E729A62C27FA4F007C3635 /* SecondPracticeTests.swift in Sources */,
			);
			runOnlyForDeploymentPostprocessing = 0;
		};
		67E729A72C27FA4F007C3635 /* Sources */ = {
			isa = PBXSourcesBuildPhase;
			buildActionMask = 2147483647;
			files = (
				67E729B02C27FA4F007C3635 /* SecondPracticeUITests.swift in Sources */,
				67E729B22C27FA4F007C3635 /* SecondPracticeUITestsLaunchTests.swift in Sources */,
			);
			runOnlyForDeploymentPostprocessing = 0;
		};
/* End PBXSourcesBuildPhase section */

/* Begin PBXTargetDependency section */
		67E729A32C27FA4F007C3635 /* PBXTargetDependency */ = {
			isa = PBXTargetDependency;
			target = 67E729902C27FA4E007C3635 /* SecondPractice */;
			targetProxy = 67E729A22C27FA4F007C3635 /* PBXContainerItemProxy */;
		};
		67E729AD2C27FA4F007C3635 /* PBXTargetDependency */ = {
			isa = PBXTargetDependency;
			target = 67E729902C27FA4E007C3635 /* SecondPractice */;
			targetProxy = 67E729AC2C27FA4F007C3635 /* PBXContainerItemProxy */;
		};
/* End PBXTargetDependency section */

/* Begin XCBuildConfiguration section */
		67E729B32C27FA4F007C3635 /* Debug */ = {
			isa = XCBuildConfiguration;
			buildSettings = {
				ALWAYS_SEARCH_USER_PATHS = NO;
				ASSETCATALOG_COMPILER_GENERATE_SWIFT_ASSET_SYMBOL_EXTENSIONS = YES;
				CLANG_ANALYZER_NONNULL = YES;
				CLANG_ANALYZER_NUMBER_OBJECT_CONVERSION = YES_AGGRESSIVE;
				CLANG_CXX_LANGUAGE_STANDARD = "gnu++20";
				CLANG_ENABLE_MODULES = YES;
				CLANG_ENABLE_OBJC_ARC = YES;
				CLANG_ENABLE_OBJC_WEAK = YES;
				CLANG_WARN_BLOCK_CAPTURE_AUTORELEASING = YES;
				CLANG_WARN_BOOL_CONVERSION = YES;
				CLANG_WARN_COMMA = YES;
				CLANG_WARN_CONSTANT_CONVERSION = YES;
				CLANG_WARN_DEPRECATED_OBJC_IMPLEMENTATIONS = YES;
				CLANG_WARN_DIRECT_OBJC_ISA_USAGE = YES_ERROR;
				CLANG_WARN_DOCUMENTATION_COMMENTS = YES;
				CLANG_WARN_EMPTY_BODY = YES;
				CLANG_WARN_ENUM_CONVERSION = YES;
				CLANG_WARN_INFINITE_RECURSION = YES;
				CLANG_WARN_INT_CONVERSION = YES;
				CLANG_WARN_NON_LITERAL_NULL_CONVERSION = YES;
				CLANG_WARN_OBJC_IMPLICIT_RETAIN_SELF = YES;
				CLANG_WARN_OBJC_LITERAL_CONVERSION = YES;
				CLANG_WARN_OBJC_ROOT_CLASS = YES_ERROR;
				CLANG_WARN_QUOTED_INCLUDE_IN_FRAMEWORK_HEADER = YES;
				CLANG_WARN_RANGE_LOOP_ANALYSIS = YES;
				CLANG_WARN_STRICT_PROTOTYPES = YES;
				CLANG_WARN_SUSPICIOUS_MOVE = YES;
				CLANG_WARN_UNGUARDED_AVAILABILITY = YES_AGGRESSIVE;
				CLANG_WARN_UNREACHABLE_CODE = YES;
				CLANG_WARN__DUPLICATE_METHOD_MATCH = YES;
				COPY_PHASE_STRIP = NO;
				DEBUG_INFORMATION_FORMAT = dwarf;
				ENABLE_STRICT_OBJC_MSGSEND = YES;
				ENABLE_TESTABILITY = YES;
				ENABLE_USER_SCRIPT_SANDBOXING = YES;
				GCC_C_LANGUAGE_STANDARD = gnu17;
				GCC_DYNAMIC_NO_PIC = NO;
				GCC_NO_COMMON_BLOCKS = YES;
				GCC_OPTIMIZATION_LEVEL = 0;
				GCC_PREPROCESSOR_DEFINITIONS = (
					"DEBUG=1",
					"$(inherited)",
				);
				GCC_WARN_64_TO_32_BIT_CONVERSION = YES;
				GCC_WARN_ABOUT_RETURN_TYPE = YES_ERROR;
				GCC_WARN_UNDECLARED_SELECTOR = YES;
				GCC_WARN_UNINITIALIZED_AUTOS = YES_AGGRESSIVE;
				GCC_WARN_UNUSED_FUNCTION = YES;
				GCC_WARN_UNUSED_VARIABLE = YES;
				IPHONEOS_DEPLOYMENT_TARGET = 17.5;
				LOCALIZATION_PREFERS_STRING_CATALOGS = YES;
				MTL_ENABLE_DEBUG_INFO = INCLUDE_SOURCE;
				MTL_FAST_MATH = YES;
				ONLY_ACTIVE_ARCH = YES;
				SDKROOT = iphoneos;
				SWIFT_ACTIVE_COMPILATION_CONDITIONS = "DEBUG $(inherited)";
				SWIFT_OPTIMIZATION_LEVEL = "-Onone";
			};
			name = Debug;
		};
		67E729B42C27FA4F007C3635 /* Release */ = {
			isa = XCBuildConfiguration;
			buildSettings = {
				ALWAYS_SEARCH_USER_PATHS = NO;
				ASSETCATALOG_COMPILER_GENERATE_SWIFT_ASSET_SYMBOL_EXTENSIONS = YES;
				CLANG_ANALYZER_NONNULL = YES;
				CLANG_ANALYZER_NUMBER_OBJECT_CONVERSION = YES_AGGRESSIVE;
				CLANG_CXX_LANGUAGE_STANDARD = "gnu++20";
				CLANG_ENABLE_MODULES = YES;
				CLANG_ENABLE_OBJC_ARC = YES;
				CLANG_ENABLE_OBJC_WEAK = YES;
				CLANG_WARN_BLOCK_CAPTURE_AUTORELEASING = YES;
				CLANG_WARN_BOOL_CONVERSION = YES;
				CLANG_WARN_COMMA = YES;
				CLANG_WARN_CONSTANT_CONVERSION = YES;
				CLANG_WARN_DEPRECATED_OBJC_IMPLEMENTATIONS = YES;
				CLANG_WARN_DIRECT_OBJC_ISA_USAGE = YES_ERROR;
				CLANG_WARN_DOCUMENTATION_COMMENTS = YES;
				CLANG_WARN_EMPTY_BODY = YES;
				CLANG_WARN_ENUM_CONVERSION = YES;
				CLANG_WARN_INFINITE_RECURSION = YES;
				CLANG_WARN_INT_CONVERSION = YES;
				CLANG_WARN_NON_LITERAL_NULL_CONVERSION = YES;
				CLANG_WARN_OBJC_IMPLICIT_RETAIN_SELF = YES;
				CLANG_WARN_OBJC_LITERAL_CONVERSION = YES;
				CLANG_WARN_OBJC_ROOT_CLASS = YES_ERROR;
				CLANG_WARN_QUOTED_INCLUDE_IN_FRAMEWORK_HEADER = YES;
				CLANG_WARN_RANGE_LOOP_ANALYSIS = YES;
				CLANG_WARN_STRICT_PROTOTYPES = YES;
				CLANG_WARN_SUSPICIOUS_MOVE = YES;
				CLANG_WARN_UNGUARDED_AVAILABILITY = YES_AGGRESSIVE;
				CLANG_WARN_UNREACHABLE_CODE = YES;
				CLANG_WARN__DUPLICATE_METHOD_MATCH = YES;
				COPY_PHASE_STRIP = NO;
				DEBUG_INFORMATION_FORMAT = "dwarf-with-dsym";
				ENABLE_NS_ASSERTIONS = NO;
				ENABLE_STRICT_OBJC_MSGSEND = YES;
				ENABLE_USER_SCRIPT_SANDBOXING = YES;
				GCC_C_LANGUAGE_STANDARD = gnu17;
				GCC_NO_COMMON_BLOCKS = YES;
				GCC_WARN_64_TO_32_BIT_CONVERSION = YES;
				GCC_WARN_ABOUT_RETURN_TYPE = YES_ERROR;
				GCC_WARN_UNDECLARED_SELECTOR = YES;
				GCC_WARN_UNINITIALIZED_AUTOS = YES_AGGRESSIVE;
				GCC_WARN_UNUSED_FUNCTION = YES;
				GCC_WARN_UNUSED_VARIABLE = YES;
				IPHONEOS_DEPLOYMENT_TARGET = 17.5;
				LOCALIZATION_PREFERS_STRING_CATALOGS = YES;
				MTL_ENABLE_DEBUG_INFO = NO;
				MTL_FAST_MATH = YES;
				SDKROOT = iphoneos;
				SWIFT_COMPILATION_MODE = wholemodule;
				VALIDATE_PRODUCT = YES;
			};
			name = Release;
		};
		67E729B62C27FA4F007C3635 /* Debug */ = {
			isa = XCBuildConfiguration;
			buildSettings = {
				ASSETCATALOG_COMPILER_APPICON_NAME = AppIcon;
				ASSETCATALOG_COMPILER_GLOBAL_ACCENT_COLOR_NAME = AccentColor;
				CODE_SIGN_STYLE = Automatic;
				CURRENT_PROJECT_VERSION = 1;
				DEVELOPMENT_ASSET_PATHS = "\"SecondPractice/Preview Content\"";
				ENABLE_PREVIEWS = YES;
				GENERATE_INFOPLIST_FILE = YES;
				INFOPLIST_KEY_UIApplicationSceneManifest_Generation = YES;
				INFOPLIST_KEY_UIApplicationSupportsIndirectInputEvents = YES;
				INFOPLIST_KEY_UILaunchScreen_Generation = YES;
				INFOPLIST_KEY_UISupportedInterfaceOrientations_iPad = "UIInterfaceOrientationPortrait UIInterfaceOrientationPortraitUpsideDown UIInterfaceOrientationLandscapeLeft UIInterfaceOrientationLandscapeRight";
				INFOPLIST_KEY_UISupportedInterfaceOrientations_iPhone = "UIInterfaceOrientationPortrait UIInterfaceOrientationLandscapeLeft UIInterfaceOrientationLandscapeRight";
				LD_RUNPATH_SEARCH_PATHS = (
					"$(inherited)",
					"@executable_path/Frameworks",
				);
				MARKETING_VERSION = 1.0;
				PRODUCT_BUNDLE_IDENTIFIER = second.SecondPractice;
				PRODUCT_NAME = "$(TARGET_NAME)";
				SWIFT_EMIT_LOC_STRINGS = YES;
				SWIFT_VERSION = 5.0;
				TARGETED_DEVICE_FAMILY = "1,2";
			};
			name = Debug;
		};
		67E729B72C27FA4F007C3635 /* Release */ = {
			isa = XCBuildConfiguration;
			buildSettings = {
				ASSETCATALOG_COMPILER_APPICON_NAME = AppIcon;
				ASSETCATALOG_COMPILER_GLOBAL_ACCENT_COLOR_NAME = AccentColor;
				CODE_SIGN_STYLE = Automatic;
				CURRENT_PROJECT_VERSION = 1;
				DEVELOPMENT_ASSET_PATHS = "\"SecondPractice/Preview Content\"";
				ENABLE_PREVIEWS = YES;
				GENERATE_INFOPLIST_FILE = YES;
				INFOPLIST_KEY_UIApplicationSceneManifest_Generation = YES;
				INFOPLIST_KEY_UIApplicationSupportsIndirectInputEvents = YES;
				INFOPLIST_KEY_UILaunchScreen_Generation = YES;
				INFOPLIST_KEY_UISupportedInterfaceOrientations_iPad = "UIInterfaceOrientationPortrait UIInterfaceOrientationPortraitUpsideDown UIInterfaceOrientationLandscapeLeft UIInterfaceOrientationLandscapeRight";
				INFOPLIST_KEY_UISupportedInterfaceOrientations_iPhone = "UIInterfaceOrientationPortrait UIInterfaceOrientationLandscapeLeft UIInterfaceOrientationLandscapeRight";
				LD_RUNPATH_SEARCH_PATHS = (
					"$(inherited)",
					"@executable_path/Frameworks",
				);
				MARKETING_VERSION = 1.0;
				PRODUCT_BUNDLE_IDENTIFIER = second.SecondPractice;
				PRODUCT_NAME = "$(TARGET_NAME)";
				SWIFT_EMIT_LOC_STRINGS = YES;
				SWIFT_VERSION = 5.0;
				TARGETED_DEVICE_FAMILY = "1,2";
			};
			name = Release;
		};
		67E729B92C27FA4F007C3635 /* Debug */ = {
			isa = XCBuildConfiguration;
			buildSettings = {
				ALWAYS_EMBED_SWIFT_STANDARD_LIBRARIES = YES;
				BUNDLE_LOADER = "$(TEST_HOST)";
				CODE_SIGN_STYLE = Automatic;
				CURRENT_PROJECT_VERSION = 1;
				GENERATE_INFOPLIST_FILE = YES;
				IPHONEOS_DEPLOYMENT_TARGET = 17.5;
				MARKETING_VERSION = 1.0;
				PRODUCT_BUNDLE_IDENTIFIER = second.SecondPracticeTests;
				PRODUCT_NAME = "$(TARGET_NAME)";
				SWIFT_EMIT_LOC_STRINGS = NO;
				SWIFT_VERSION = 5.0;
				TARGETED_DEVICE_FAMILY = "1,2";
				TEST_HOST = "$(BUILT_PRODUCTS_DIR)/SecondPractice.app/$(BUNDLE_EXECUTABLE_FOLDER_PATH)/SecondPractice";
			};
			name = Debug;
		};
		67E729BA2C27FA4F007C3635 /* Release */ = {
			isa = XCBuildConfiguration;
			buildSettings = {
				ALWAYS_EMBED_SWIFT_STANDARD_LIBRARIES = YES;
				BUNDLE_LOADER = "$(TEST_HOST)";
				CODE_SIGN_STYLE = Automatic;
				CURRENT_PROJECT_VERSION = 1;
				GENERATE_INFOPLIST_FILE = YES;
				IPHONEOS_DEPLOYMENT_TARGET = 17.5;
				MARKETING_VERSION = 1.0;
				PRODUCT_BUNDLE_IDENTIFIER = second.SecondPracticeTests;
				PRODUCT_NAME = "$(TARGET_NAME)";
				SWIFT_EMIT_LOC_STRINGS = NO;
				SWIFT_VERSION = 5.0;
				TARGETED_DEVICE_FAMILY = "1,2";
				TEST_HOST = "$(BUILT_PRODUCTS_DIR)/SecondPractice.app/$(BUNDLE_EXECUTABLE_FOLDER_PATH)/SecondPractice";
			};
			name = Release;
		};
		67E729BC2C27FA4F007C3635 /* Debug */ = {
			isa = XCBuildConfiguration;
			buildSettings = {
				ALWAYS_EMBED_SWIFT_STANDARD_LIBRARIES = YES;
				CODE_SIGN_STYLE = Automatic;
				CURRENT_PROJECT_VERSION = 1;
				GENERATE_INFOPLIST_FILE = YES;
				MARKETING_VERSION = 1.0;
				PRODUCT_BUNDLE_IDENTIFIER = second.SecondPracticeUITests;
				PRODUCT_NAME = "$(TARGET_NAME)";
				SWIFT_EMIT_LOC_STRINGS = NO;
				SWIFT_VERSION = 5.0;
				TARGETED_DEVICE_FAMILY = "1,2";
				TEST_TARGET_NAME = SecondPractice;
			};
			name = Debug;
		};
		67E729BD2C27FA4F007C3635 /* Release */ = {
			isa = XCBuildConfiguration;
			buildSettings = {
				ALWAYS_EMBED_SWIFT_STANDARD_LIBRARIES = YES;
				CODE_SIGN_STYLE = Automatic;
				CURRENT_PROJECT_VERSION = 1;
				GENERATE_INFOPLIST_FILE = YES;
				MARKETING_VERSION = 1.0;
				PRODUCT_BUNDLE_IDENTIFIER = second.SecondPracticeUITests;
				PRODUCT_NAME = "$(TARGET_NAME)";
				SWIFT_EMIT_LOC_STRINGS = NO;
				SWIFT_VERSION = 5.0;
				TARGETED_DEVICE_FAMILY = "1,2";
				TEST_TARGET_NAME = SecondPractice;
			};
			name = Release;
		};
/* End XCBuildConfiguration section */

/* Begin XCConfigurationList section */
		67E7298C2C27FA4E007C3635 /* Build configuration list for PBXProject "SecondPractice" */ = {
			isa = XCConfigurationList;
			buildConfigurations = (
				67E729B32C27FA4F007C3635 /* Debug */,
				67E729B42C27FA4F007C3635 /* Release */,
			);
			defaultConfigurationIsVisible = 0;
			defaultConfigurationName = Release;
		};
		67E729B52C27FA4F007C3635 /* Build configuration list for PBXNativeTarget "SecondPractice" */ = {
			isa = XCConfigurationList;
			buildConfigurations = (
				67E729B62C27FA4F007C3635 /* Debug */,
				67E729B72C27FA4F007C3635 /* Release */,
			);
			defaultConfigurationIsVisible = 0;
			defaultConfigurationName = Release;
		};
		67E729B82C27FA4F007C3635 /* Build configuration list for PBXNativeTarget "SecondPracticeTests" */ = {
			isa = XCConfigurationList;
			buildConfigurations = (
				67E729B92C27FA4F007C3635 /* Debug */,
				67E729BA2C27FA4F007C3635 /* Release */,
			);
			defaultConfigurationIsVisible = 0;
			defaultConfigurationName = Release;
		};
		67E729BB2C27FA4F007C3635 /* Build configuration list for PBXNativeTarget "SecondPracticeUITests" */ = {
			isa = XCConfigurationList;
			buildConfigurations = (
				67E729BC2C27FA4F007C3635 /* Debug */,
				67E729BD2C27FA4F007C3635 /* Release */,
			);
			defaultConfigurationIsVisible = 0;
			defaultConfigurationName = Release;
		};
/* End XCConfigurationList section */
	};
	rootObject = 67E729892C27FA4E007C3635 /* Project object */;
}
